
Microsoft Visual Studio Solution File, Format Version 12.00
# Visual Studio 15
VisualStudioVersion = 15.0.27703.2042
MinimumVisualStudioVersion = 10.0.40219.1
Project("{FAE04EC0-301F-11D3-BF4B-00C04F79EFBC}") = "App005_ToDoApp.Android", "App005_ToDoApp\App005_ToDoApp.Android\App005_ToDoApp.Android.csproj", "{B137FA0C-7FB3-43F2-87B7-3D79269E9AAE}"
EndProject
Project("{FAE04EC0-301F-11D3-BF4B-00C04F79EFBC}") = "App005_ToDoApp.iOS", "App005_ToDoApp\App005_ToDoApp.iOS\App005_ToDoApp.iOS.csproj", "{59529EB3-32BE-4E9D-B903-F5913E35702A}"
EndProject
Project("{FAE04EC0-301F-11D3-BF4B-00C04F79EFBC}") = "App005_ToDoApp.UWP", "App005_ToDoApp\App005_ToDoApp.UWP\App005_ToDoApp.UWP.csproj", "{A4BB447D-4B9E-44C1-9251-004FBFEA3E2C}"
EndProject
Project("{FAE04EC0-301F-11D3-BF4B-00C04F79EFBC}") = "App005_ToDoApp", "App005_ToDoApp\App005_ToDoApp\App005_ToDoApp.csproj", "{D064DAD2-9B20-4FFD-8A83-9453E7EDDAA1}"
EndProject
Global
	GlobalSection(SolutionConfigurationPlatforms) = preSolution
		Ad-Hoc|Any CPU = Ad-Hoc|Any CPU
		Ad-Hoc|ARM = Ad-Hoc|ARM
		Ad-Hoc|iPhone = Ad-Hoc|iPhone
		Ad-Hoc|iPhoneSimulator = Ad-Hoc|iPhoneSimulator
		Ad-Hoc|x64 = Ad-Hoc|x64
		Ad-Hoc|x86 = Ad-Hoc|x86
		AppStore|Any CPU = AppStore|Any CPU
		AppStore|ARM = AppStore|ARM
		AppStore|iPhone = AppStore|iPhone
		AppStore|iPhoneSimulator = AppStore|iPhoneSimulator
		AppStore|x64 = AppStore|x64
		AppStore|x86 = AppStore|x86
		Debug|Any CPU = Debug|Any CPU
		Debug|ARM = Debug|ARM
		Debug|iPhone = Debug|iPhone
		Debug|iPhoneSimulator = Debug|iPhoneSimulator
		Debug|x64 = Debug|x64
		Debug|x86 = Debug|x86
		Release|Any CPU = Release|Any CPU
		Release|ARM = Release|ARM
		Release|iPhone = Release|iPhone
		Release|iPhoneSimulator = Release|iPhoneSimulator
		Release|x64 = Release|x64
		Release|x86 = Release|x86
	EndGlobalSection
	GlobalSection(ProjectConfigurationPlatforms) = postSolution
		{B137FA0C-7FB3-43F2-87B7-3D79269E9AAE}.Ad-Hoc|Any CPU.ActiveCfg = Release|Any CPU
		{B137FA0C-7FB3-43F2-87B7-3D79269E9AAE}.Ad-Hoc|Any CPU.Build.0 = Release|Any CPU
		{B137FA0C-7FB3-43F2-87B7-3D79269E9AAE}.Ad-Hoc|Any CPU.Deploy.0 = Release|Any CPU
		{B137FA0C-7FB3-43F2-87B7-3D79269E9AAE}.Ad-Hoc|ARM.ActiveCfg = Release|Any CPU
		{B137FA0C-7FB3-43F2-87B7-3D79269E9AAE}.Ad-Hoc|ARM.Build.0 = Release|Any CPU
		{B137FA0C-7FB3-43F2-87B7-3D79269E9AAE}.Ad-Hoc|ARM.Deploy.0 = Release|Any CPU
		{B137FA0C-7FB3-43F2-87B7-3D79269E9AAE}.Ad-Hoc|iPhone.ActiveCfg = Release|Any CPU
		{B137FA0C-7FB3-43F2-87B7-3D79269E9AAE}.Ad-Hoc|iPhone.Build.0 = Release|Any CPU
		{B137FA0C-7FB3-43F2-87B7-3D79269E9AAE}.Ad-Hoc|iPhone.Deploy.0 = Release|Any CPU
		{B137FA0C-7FB3-43F2-87B7-3D79269E9AAE}.Ad-Hoc|iPhoneSimulator.ActiveCfg = Release|Any CPU
		{B137FA0C-7FB3-43F2-87B7-3D79269E9AAE}.Ad-Hoc|iPhoneSimulator.Build.0 = Release|Any CPU
		{B137FA0C-7FB3-43F2-87B7-3D79269E9AAE}.Ad-Hoc|iPhoneSimulator.Deploy.0 = Release|Any CPU
		{B137FA0C-7FB3-43F2-87B7-3D79269E9AAE}.Ad-Hoc|x64.ActiveCfg = Release|Any CPU
		{B137FA0C-7FB3-43F2-87B7-3D79269E9AAE}.Ad-Hoc|x64.Build.0 = Release|Any CPU
		{B137FA0C-7FB3-43F2-87B7-3D79269E9AAE}.Ad-Hoc|x64.Deploy.0 = Release|Any CPU
		{B137FA0C-7FB3-43F2-87B7-3D79269E9AAE}.Ad-Hoc|x86.ActiveCfg = Release|Any CPU
		{B137FA0C-7FB3-43F2-87B7-3D79269E9AAE}.Ad-Hoc|x86.Build.0 = Release|Any CPU
		{B137FA0C-7FB3-43F2-87B7-3D79269E9AAE}.Ad-Hoc|x86.Deploy.0 = Release|Any CPU
		{B137FA0C-7FB3-43F2-87B7-3D79269E9AAE}.AppStore|Any CPU.ActiveCfg = Release|Any CPU
		{B137FA0C-7FB3-43F2-87B7-3D79269E9AAE}.AppStore|Any CPU.Build.0 = Release|Any CPU
		{B137FA0C-7FB3-43F2-87B7-3D79269E9AAE}.AppStore|Any CPU.Deploy.0 = Release|Any CPU
		{B137FA0C-7FB3-43F2-87B7-3D79269E9AAE}.AppStore|ARM.ActiveCfg = Release|Any CPU
		{B137FA0C-7FB3-43F2-87B7-3D79269E9AAE}.AppStore|ARM.Build.0 = Release|Any CPU
		{B137FA0C-7FB3-43F2-87B7-3D79269E9AAE}.AppStore|ARM.Deploy.0 = Release|Any CPU
		{B137FA0C-7FB3-43F2-87B7-3D79269E9AAE}.AppStore|iPhone.ActiveCfg = Release|Any CPU
		{B137FA0C-7FB3-43F2-87B7-3D79269E9AAE}.AppStore|iPhone.Build.0 = Release|Any CPU
		{B137FA0C-7FB3-43F2-87B7-3D79269E9AAE}.AppStore|iPhone.Deploy.0 = Release|Any CPU
		{B137FA0C-7FB3-43F2-87B7-3D79269E9AAE}.AppStore|iPhoneSimulator.ActiveCfg = Release|Any CPU
		{B137FA0C-7FB3-43F2-87B7-3D79269E9AAE}.AppStore|iPhoneSimulator.Build.0 = Release|Any CPU
		{B137FA0C-7FB3-43F2-87B7-3D79269E9AAE}.AppStore|iPhoneSimulator.Deploy.0 = Release|Any CPU
		{B137FA0C-7FB3-43F2-87B7-3D79269E9AAE}.AppStore|x64.ActiveCfg = Release|Any CPU
		{B137FA0C-7FB3-43F2-87B7-3D79269E9AAE}.AppStore|x64.Build.0 = Release|Any CPU
		{B137FA0C-7FB3-43F2-87B7-3D79269E9AAE}.AppStore|x64.Deploy.0 = Release|Any CPU
		{B137FA0C-7FB3-43F2-87B7-3D79269E9AAE}.AppStore|x86.ActiveCfg = Release|Any CPU
		{B137FA0C-7FB3-43F2-87B7-3D79269E9AAE}.AppStore|x86.Build.0 = Release|Any CPU
		{B137FA0C-7FB3-43F2-87B7-3D79269E9AAE}.AppStore|x86.Deploy.0 = Release|Any CPU
		{B137FA0C-7FB3-43F2-87B7-3D79269E9AAE}.Debug|Any CPU.ActiveCfg = Debug|Any CPU
		{B137FA0C-7FB3-43F2-87B7-3D79269E9AAE}.Debug|Any CPU.Build.0 = Debug|Any CPU
		{B137FA0C-7FB3-43F2-87B7-3D79269E9AAE}.Debug|Any CPU.Deploy.0 = Debug|Any CPU
		{B137FA0C-7FB3-43F2-87B7-3D79269E9AAE}.Debug|ARM.ActiveCfg = Debug|Any CPU
		{B137FA0C-7FB3-43F2-87B7-3D79269E9AAE}.Debug|ARM.Build.0 = Debug|Any CPU
		{B137FA0C-7FB3-43F2-87B7-3D79269E9AAE}.Debug|ARM.Deploy.0 = Debug|Any CPU
		{B137FA0C-7FB3-43F2-87B7-3D79269E9AAE}.Debug|iPhone.ActiveCfg = Debug|Any CPU
		{B137FA0C-7FB3-43F2-87B7-3D79269E9AAE}.Debug|iPhone.Build.0 = Debug|Any CPU
		{B137FA0C-7FB3-43F2-87B7-3D79269E9AAE}.Debug|iPhone.Deploy.0 = Debug|Any CPU
		{B137FA0C-7FB3-43F2-87B7-3D79269E9AAE}.Debug|iPhoneSimulator.ActiveCfg = Debug|Any CPU
		{B137FA0C-7FB3-43F2-87B7-3D79269E9AAE}.Debug|iPhoneSimulator.Build.0 = Debug|Any CPU
		{B137FA0C-7FB3-43F2-87B7-3D79269E9AAE}.Debug|iPhoneSimulator.Deploy.0 = Debug|Any CPU
		{B137FA0C-7FB3-43F2-87B7-3D79269E9AAE}.Debug|x64.ActiveCfg = Debug|Any CPU
		{B137FA0C-7FB3-43F2-87B7-3D79269E9AAE}.Debug|x64.Build.0 = Debug|Any CPU
		{B137FA0C-7FB3-43F2-87B7-3D79269E9AAE}.Debug|x64.Deploy.0 = Debug|Any CPU
		{B137FA0C-7FB3-43F2-87B7-3D79269E9AAE}.Debug|x86.ActiveCfg = Debug|Any CPU
		{B137FA0C-7FB3-43F2-87B7-3D79269E9AAE}.Debug|x86.Build.0 = Debug|Any CPU
		{B137FA0C-7FB3-43F2-87B7-3D79269E9AAE}.Debug|x86.Deploy.0 = Debug|Any CPU
		{B137FA0C-7FB3-43F2-87B7-3D79269E9AAE}.Release|Any CPU.ActiveCfg = Release|Any CPU
		{B137FA0C-7FB3-43F2-87B7-3D79269E9AAE}.Release|Any CPU.Build.0 = Release|Any CPU
		{B137FA0C-7FB3-43F2-87B7-3D79269E9AAE}.Release|Any CPU.Deploy.0 = Release|Any CPU
		{B137FA0C-7FB3-43F2-87B7-3D79269E9AAE}.Release|ARM.ActiveCfg = Release|Any CPU
		{B137FA0C-7FB3-43F2-87B7-3D79269E9AAE}.Release|ARM.Build.0 = Release|Any CPU
		{B137FA0C-7FB3-43F2-87B7-3D79269E9AAE}.Release|ARM.Deploy.0 = Release|Any CPU
		{B137FA0C-7FB3-43F2-87B7-3D79269E9AAE}.Release|iPhone.ActiveCfg = Release|Any CPU
		{B137FA0C-7FB3-43F2-87B7-3D79269E9AAE}.Release|iPhone.Build.0 = Release|Any CPU
		{B137FA0C-7FB3-43F2-87B7-3D79269E9AAE}.Release|iPhone.Deploy.0 = Release|Any CPU
		{B137FA0C-7FB3-43F2-87B7-3D79269E9AAE}.Release|iPhoneSimulator.ActiveCfg = Release|Any CPU
		{B137FA0C-7FB3-43F2-87B7-3D79269E9AAE}.Release|iPhoneSimulator.Build.0 = Release|Any CPU
		{B137FA0C-7FB3-43F2-87B7-3D79269E9AAE}.Release|iPhoneSimulator.Deploy.0 = Release|Any CPU
		{B137FA0C-7FB3-43F2-87B7-3D79269E9AAE}.Release|x64.ActiveCfg = Release|Any CPU
		{B137FA0C-7FB3-43F2-87B7-3D79269E9AAE}.Release|x64.Build.0 = Release|Any CPU
		{B137FA0C-7FB3-43F2-87B7-3D79269E9AAE}.Release|x64.Deploy.0 = Release|Any CPU
		{B137FA0C-7FB3-43F2-87B7-3D79269E9AAE}.Release|x86.ActiveCfg = Release|Any CPU
		{B137FA0C-7FB3-43F2-87B7-3D79269E9AAE}.Release|x86.Build.0 = Release|Any CPU
		{B137FA0C-7FB3-43F2-87B7-3D79269E9AAE}.Release|x86.Deploy.0 = Release|Any CPU
		{59529EB3-32BE-4E9D-B903-F5913E35702A}.Ad-Hoc|Any CPU.ActiveCfg = Ad-Hoc|iPhone
		{59529EB3-32BE-4E9D-B903-F5913E35702A}.Ad-Hoc|Any CPU.Build.0 = Ad-Hoc|iPhone
		{59529EB3-32BE-4E9D-B903-F5913E35702A}.Ad-Hoc|Any CPU.Deploy.0 = Ad-Hoc|iPhone
		{59529EB3-32BE-4E9D-B903-F5913E35702A}.Ad-Hoc|ARM.ActiveCfg = Ad-Hoc|iPhone
		{59529EB3-32BE-4E9D-B903-F5913E35702A}.Ad-Hoc|ARM.Build.0 = Ad-Hoc|iPhone
		{59529EB3-32BE-4E9D-B903-F5913E35702A}.Ad-Hoc|ARM.Deploy.0 = Ad-Hoc|iPhone
		{59529EB3-32BE-4E9D-B903-F5913E35702A}.Ad-Hoc|iPhone.ActiveCfg = Ad-Hoc|iPhone
		{59529EB3-32BE-4E9D-B903-F5913E35702A}.Ad-Hoc|iPhone.Build.0 = Ad-Hoc|iPhone
		{59529EB3-32BE-4E9D-B903-F5913E35702A}.Ad-Hoc|iPhone.Deploy.0 = Ad-Hoc|iPhone
		{59529EB3-32BE-4E9D-B903-F5913E35702A}.Ad-Hoc|iPhoneSimulator.ActiveCfg = Ad-Hoc|iPhoneSimulator
		{59529EB3-32BE-4E9D-B903-F5913E35702A}.Ad-Hoc|iPhoneSimulator.Build.0 = Ad-Hoc|iPhoneSimulator
		{59529EB3-32BE-4E9D-B903-F5913E35702A}.Ad-Hoc|iPhoneSimulator.Deploy.0 = Ad-Hoc|iPhoneSimulator
		{59529EB3-32BE-4E9D-B903-F5913E35702A}.Ad-Hoc|x64.ActiveCfg = Ad-Hoc|iPhone
		{59529EB3-32BE-4E9D-B903-F5913E35702A}.Ad-Hoc|x64.Build.0 = Ad-Hoc|iPhone
		{59529EB3-32BE-4E9D-B903-F5913E35702A}.Ad-Hoc|x64.Deploy.0 = Ad-Hoc|iPhone
		{59529EB3-32BE-4E9D-B903-F5913E35702A}.Ad-Hoc|x86.ActiveCfg = Ad-Hoc|iPhone
		{59529EB3-32BE-4E9D-B903-F5913E35702A}.Ad-Hoc|x86.Build.0 = Ad-Hoc|iPhone
		{59529EB3-32BE-4E9D-B903-F5913E35702A}.Ad-Hoc|x86.Deploy.0 = Ad-Hoc|iPhone
		{59529EB3-32BE-4E9D-B903-F5913E35702A}.AppStore|Any CPU.ActiveCfg = AppStore|iPhone
		{59529EB3-32BE-4E9D-B903-F5913E35702A}.AppStore|Any CPU.Build.0 = AppStore|iPhone
		{59529EB3-32BE-4E9D-B903-F5913E35702A}.AppStore|Any CPU.Deploy.0 = AppStore|iPhone
		{59529EB3-32BE-4E9D-B903-F5913E35702A}.AppStore|ARM.ActiveCfg = AppStore|iPhone
		{59529EB3-32BE-4E9D-B903-F5913E35702A}.AppStore|ARM.Build.0 = AppStore|iPhone
		{59529EB3-32BE-4E9D-B903-F5913E35702A}.AppStore|ARM.Deploy.0 = AppStore|iPhone
		{59529EB3-32BE-4E9D-B903-F5913E35702A}.AppStore|iPhone.ActiveCfg = AppStore|iPhone
		{59529EB3-32BE-4E9D-B903-F5913E35702A}.AppStore|iPhone.Build.0 = AppStore|iPhone
		{59529EB3-32BE-4E9D-B903-F5913E35702A}.AppStore|iPhone.Deploy.0 = AppStore|iPhone
		{59529EB3-32BE-4E9D-B903-F5913E35702A}.AppStore|iPhoneSimulator.ActiveCfg = AppStore|iPhoneSimulator
		{59529EB3-32BE-4E9D-B903-F5913E35702A}.AppStore|iPhoneSimulator.Build.0 = AppStore|iPhoneSimulator
		{59529EB3-32BE-4E9D-B903-F5913E35702A}.AppStore|iPhoneSimulator.Deploy.0 = AppStore|iPhoneSimulator
		{59529EB3-32BE-4E9D-B903-F5913E35702A}.AppStore|x64.ActiveCfg = AppStore|iPhone
		{59529EB3-32BE-4E9D-B903-F5913E35702A}.AppStore|x64.Build.0 = AppStore|iPhone
		{59529EB3-32BE-4E9D-B903-F5913E35702A}.AppStore|x64.Deploy.0 = AppStore|iPhone
		{59529EB3-32BE-4E9D-B903-F5913E35702A}.AppStore|x86.ActiveCfg = AppStore|iPhone
		{59529EB3-32BE-4E9D-B903-F5913E35702A}.AppStore|x86.Build.0 = AppStore|iPhone
		{59529EB3-32BE-4E9D-B903-F5913E35702A}.AppStore|x86.Deploy.0 = AppStore|iPhone
		{59529EB3-32BE-4E9D-B903-F5913E35702A}.Debug|Any CPU.ActiveCfg = Debug|iPhoneSimulator
		{59529EB3-32BE-4E9D-B903-F5913E35702A}.Debug|Any CPU.Build.0 = Debug|iPhoneSimulator
		{59529EB3-32BE-4E9D-B903-F5913E35702A}.Debug|Any CPU.Deploy.0 = Debug|iPhoneSimulator
		{59529EB3-32BE-4E9D-B903-F5913E35702A}.Debug|ARM.ActiveCfg = Debug|iPhone
		{59529EB3-32BE-4E9D-B903-F5913E35702A}.Debug|ARM.Build.0 = Debug|iPhone
		{59529EB3-32BE-4E9D-B903-F5913E35702A}.Debug|ARM.Deploy.0 = Debug|iPhone
		{59529EB3-32BE-4E9D-B903-F5913E35702A}.Debug|iPhone.ActiveCfg = Debug|iPhone
		{59529EB3-32BE-4E9D-B903-F5913E35702A}.Debug|iPhone.Build.0 = Debug|iPhone
		{59529EB3-32BE-4E9D-B903-F5913E35702A}.Debug|iPhone.Deploy.0 = Debug|iPhone
		{59529EB3-32BE-4E9D-B903-F5913E35702A}.Debug|iPhoneSimulator.ActiveCfg = Debug|iPhoneSimulator
		{59529EB3-32BE-4E9D-B903-F5913E35702A}.Debug|iPhoneSimulator.Build.0 = Debug|iPhoneSimulator
		{59529EB3-32BE-4E9D-B903-F5913E35702A}.Debug|iPhoneSimulator.Deploy.0 = Debug|iPhoneSimulator
		{59529EB3-32BE-4E9D-B903-F5913E35702A}.Debug|x64.ActiveCfg = Debug|iPhone
		{59529EB3-32BE-4E9D-B903-F5913E35702A}.Debug|x64.Build.0 = Debug|iPhone
		{59529EB3-32BE-4E9D-B903-F5913E35702A}.Debug|x64.Deploy.0 = Debug|iPhone
		{59529EB3-32BE-4E9D-B903-F5913E35702A}.Debug|x86.ActiveCfg = Debug|iPhone
		{59529EB3-32BE-4E9D-B903-F5913E35702A}.Debug|x86.Build.0 = Debug|iPhone
		{59529EB3-32BE-4E9D-B903-F5913E35702A}.Debug|x86.Deploy.0 = Debug|iPhone
		{59529EB3-32BE-4E9D-B903-F5913E35702A}.Release|Any CPU.ActiveCfg = Release|iPhone
		{59529EB3-32BE-4E9D-B903-F5913E35702A}.Release|Any CPU.Build.0 = Release|iPhone
		{59529EB3-32BE-4E9D-B903-F5913E35702A}.Release|Any CPU.Deploy.0 = Release|iPhone
		{59529EB3-32BE-4E9D-B903-F5913E35702A}.Release|ARM.ActiveCfg = Release|iPhone
		{59529EB3-32BE-4E9D-B903-F5913E35702A}.Release|ARM.Build.0 = Release|iPhone
		{59529EB3-32BE-4E9D-B903-F5913E35702A}.Release|ARM.Deploy.0 = Release|iPhone
		{59529EB3-32BE-4E9D-B903-F5913E35702A}.Release|iPhone.ActiveCfg = Release|iPhone
		{59529EB3-32BE-4E9D-B903-F5913E35702A}.Release|iPhone.Build.0 = Release|iPhone
		{59529EB3-32BE-4E9D-B903-F5913E35702A}.Release|iPhone.Deploy.0 = Release|iPhone
		{59529EB3-32BE-4E9D-B903-F5913E35702A}.Release|iPhoneSimulator.ActiveCfg = Release|iPhoneSimulator
		{59529EB3-32BE-4E9D-B903-F5913E35702A}.Release|iPhoneSimulator.Build.0 = Release|iPhoneSimulator
		{59529EB3-32BE-4E9D-B903-F5913E35702A}.Release|iPhoneSimulator.Deploy.0 = Release|iPhoneSimulator
		{59529EB3-32BE-4E9D-B903-F5913E35702A}.Release|x64.ActiveCfg = Release|iPhone
		{59529EB3-32BE-4E9D-B903-F5913E35702A}.Release|x64.Build.0 = Release|iPhone
		{59529EB3-32BE-4E9D-B903-F5913E35702A}.Release|x64.Deploy.0 = Release|iPhone
		{59529EB3-32BE-4E9D-B903-F5913E35702A}.Release|x86.ActiveCfg = Release|iPhone
		{59529EB3-32BE-4E9D-B903-F5913E35702A}.Release|x86.Build.0 = Release|iPhone
		{59529EB3-32BE-4E9D-B903-F5913E35702A}.Release|x86.Deploy.0 = Release|iPhone
		{A4BB447D-4B9E-44C1-9251-004FBFEA3E2C}.Ad-Hoc|Any CPU.ActiveCfg = Release|x86
		{A4BB447D-4B9E-44C1-9251-004FBFEA3E2C}.Ad-Hoc|Any CPU.Build.0 = Release|x86
		{A4BB447D-4B9E-44C1-9251-004FBFEA3E2C}.Ad-Hoc|Any CPU.Deploy.0 = Release|x86
		{A4BB447D-4B9E-44C1-9251-004FBFEA3E2C}.Ad-Hoc|ARM.ActiveCfg = Release|ARM
		{A4BB447D-4B9E-44C1-9251-004FBFEA3E2C}.Ad-Hoc|ARM.Build.0 = Release|ARM
		{A4BB447D-4B9E-44C1-9251-004FBFEA3E2C}.Ad-Hoc|ARM.Deploy.0 = Release|ARM
		{A4BB447D-4B9E-44C1-9251-004FBFEA3E2C}.Ad-Hoc|iPhone.ActiveCfg = Release|x86
		{A4BB447D-4B9E-44C1-9251-004FBFEA3E2C}.Ad-Hoc|iPhone.Build.0 = Release|x86
		{A4BB447D-4B9E-44C1-9251-004FBFEA3E2C}.Ad-Hoc|iPhone.Deploy.0 = Release|x86
		{A4BB447D-4B9E-44C1-9251-004FBFEA3E2C}.Ad-Hoc|iPhoneSimulator.ActiveCfg = Release|x86
		{A4BB447D-4B9E-44C1-9251-004FBFEA3E2C}.Ad-Hoc|iPhoneSimulator.Build.0 = Release|x86
		{A4BB447D-4B9E-44C1-9251-004FBFEA3E2C}.Ad-Hoc|iPhoneSimulator.Deploy.0 = Release|x86
		{A4BB447D-4B9E-44C1-9251-004FBFEA3E2C}.Ad-Hoc|x64.ActiveCfg = Release|x64
		{A4BB447D-4B9E-44C1-9251-004FBFEA3E2C}.Ad-Hoc|x64.Build.0 = Release|x64
		{A4BB447D-4B9E-44C1-9251-004FBFEA3E2C}.Ad-Hoc|x64.Deploy.0 = Release|x64
		{A4BB447D-4B9E-44C1-9251-004FBFEA3E2C}.Ad-Hoc|x86.ActiveCfg = Release|x86
		{A4BB447D-4B9E-44C1-9251-004FBFEA3E2C}.Ad-Hoc|x86.Build.0 = Release|x86
		{A4BB447D-4B9E-44C1-9251-004FBFEA3E2C}.Ad-Hoc|x86.Deploy.0 = Release|x86
		{A4BB447D-4B9E-44C1-9251-004FBFEA3E2C}.AppStore|Any CPU.ActiveCfg = Release|x86
		{A4BB447D-4B9E-44C1-9251-004FBFEA3E2C}.AppStore|Any CPU.Build.0 = Release|x86
		{A4BB447D-4B9E-44C1-9251-004FBFEA3E2C}.AppStore|Any CPU.Deploy.0 = Release|x86
		{A4BB447D-4B9E-44C1-9251-004FBFEA3E2C}.AppStore|ARM.ActiveCfg = Release|ARM
		{A4BB447D-4B9E-44C1-9251-004FBFEA3E2C}.AppStore|ARM.Build.0 = Release|ARM
		{A4BB447D-4B9E-44C1-9251-004FBFEA3E2C}.AppStore|ARM.Deploy.0 = Release|ARM
		{A4BB447D-4B9E-44C1-9251-004FBFEA3E2C}.AppStore|iPhone.ActiveCfg = Release|x86
		{A4BB447D-4B9E-44C1-9251-004FBFEA3E2C}.AppStore|iPhone.Build.0 = Release|x86
		{A4BB447D-4B9E-44C1-9251-004FBFEA3E2C}.AppStore|iPhone.Deploy.0 = Release|x86
		{A4BB447D-4B9E-44C1-9251-004FBFEA3E2C}.AppStore|iPhoneSimulator.ActiveCfg = Release|x86
		{A4BB447D-4B9E-44C1-9251-004FBFEA3E2C}.AppStore|iPhoneSimulator.Build.0 = Release|x86
		{A4BB447D-4B9E-44C1-9251-004FBFEA3E2C}.AppStore|iPhoneSimulator.Deploy.0 = Release|x86
		{A4BB447D-4B9E-44C1-9251-004FBFEA3E2C}.AppStore|x64.ActiveCfg = Release|x64
		{A4BB447D-4B9E-44C1-9251-004FBFEA3E2C}.AppStore|x64.Build.0 = Release|x64
		{A4BB447D-4B9E-44C1-9251-004FBFEA3E2C}.AppStore|x64.Deploy.0 = Release|x64
		{A4BB447D-4B9E-44C1-9251-004FBFEA3E2C}.AppStore|x86.ActiveCfg = Release|x86
		{A4BB447D-4B9E-44C1-9251-004FBFEA3E2C}.AppStore|x86.Build.0 = Release|x86
		{A4BB447D-4B9E-44C1-9251-004FBFEA3E2C}.AppStore|x86.Deploy.0 = Release|x86
		{A4BB447D-4B9E-44C1-9251-004FBFEA3E2C}.Debug|Any CPU.ActiveCfg = Debug|x86
		{A4BB447D-4B9E-44C1-9251-004FBFEA3E2C}.Debug|Any CPU.Build.0 = Debug|x86
		{A4BB447D-4B9E-44C1-9251-004FBFEA3E2C}.Debug|Any CPU.Deploy.0 = Debug|x86
		{A4BB447D-4B9E-44C1-9251-004FBFEA3E2C}.Debug|ARM.ActiveCfg = Debug|ARM
		{A4BB447D-4B9E-44C1-9251-004FBFEA3E2C}.Debug|ARM.Build.0 = Debug|ARM
		{A4BB447D-4B9E-44C1-9251-004FBFEA3E2C}.Debug|ARM.Deploy.0 = Debug|ARM
		{A4BB447D-4B9E-44C1-9251-004FBFEA3E2C}.Debug|iPhone.ActiveCfg = Debug|x86
		{A4BB447D-4B9E-44C1-9251-004FBFEA3E2C}.Debug|iPhone.Build.0 = Debug|x86
		{A4BB447D-4B9E-44C1-9251-004FBFEA3E2C}.Debug|iPhone.Deploy.0 = Debug|x86
		{A4BB447D-4B9E-44C1-9251-004FBFEA3E2C}.Debug|iPhoneSimulator.ActiveCfg = Debug|x86
		{A4BB447D-4B9E-44C1-9251-004FBFEA3E2C}.Debug|iPhoneSimulator.Build.0 = Debug|x86
		{A4BB447D-4B9E-44C1-9251-004FBFEA3E2C}.Debug|iPhoneSimulator.Deploy.0 = Debug|x86
		{A4BB447D-4B9E-44C1-9251-004FBFEA3E2C}.Debug|x64.ActiveCfg = Debug|x64
		{A4BB447D-4B9E-44C1-9251-004FBFEA3E2C}.Debug|x64.Build.0 = Debug|x64
		{A4BB447D-4B9E-44C1-9251-004FBFEA3E2C}.Debug|x64.Deploy.0 = Debug|x64
		{A4BB447D-4B9E-44C1-9251-004FBFEA3E2C}.Debug|x86.ActiveCfg = Debug|x86
		{A4BB447D-4B9E-44C1-9251-004FBFEA3E2C}.Debug|x86.Build.0 = Debug|x86
		{A4BB447D-4B9E-44C1-9251-004FBFEA3E2C}.Debug|x86.Deploy.0 = Debug|x86
		{A4BB447D-4B9E-44C1-9251-004FBFEA3E2C}.Release|Any CPU.ActiveCfg = Release|x86
		{A4BB447D-4B9E-44C1-9251-004FBFEA3E2C}.Release|Any CPU.Build.0 = Release|x86
		{A4BB447D-4B9E-44C1-9251-004FBFEA3E2C}.Release|Any CPU.Deploy.0 = Release|x86
		{A4BB447D-4B9E-44C1-9251-004FBFEA3E2C}.Release|ARM.ActiveCfg = Release|ARM
		{A4BB447D-4B9E-44C1-9251-004FBFEA3E2C}.Release|ARM.Build.0 = Release|ARM
		{A4BB447D-4B9E-44C1-9251-004FBFEA3E2C}.Release|ARM.Deploy.0 = Release|ARM
		{A4BB447D-4B9E-44C1-9251-004FBFEA3E2C}.Release|iPhone.ActiveCfg = Release|x86
		{A4BB447D-4B9E-44C1-9251-004FBFEA3E2C}.Release|iPhone.Build.0 = Release|x86
		{A4BB447D-4B9E-44C1-9251-004FBFEA3E2C}.Release|iPhone.Deploy.0 = Release|x86
		{A4BB447D-4B9E-44C1-9251-004FBFEA3E2C}.Release|iPhoneSimulator.ActiveCfg = Release|x86
		{A4BB447D-4B9E-44C1-9251-004FBFEA3E2C}.Release|iPhoneSimulator.Build.0 = Release|x86
		{A4BB447D-4B9E-44C1-9251-004FBFEA3E2C}.Release|iPhoneSimulator.Deploy.0 = Release|x86
		{A4BB447D-4B9E-44C1-9251-004FBFEA3E2C}.Release|x64.ActiveCfg = Release|x64
		{A4BB447D-4B9E-44C1-9251-004FBFEA3E2C}.Release|x64.Build.0 = Release|x64
		{A4BB447D-4B9E-44C1-9251-004FBFEA3E2C}.Release|x64.Deploy.0 = Release|x64
		{A4BB447D-4B9E-44C1-9251-004FBFEA3E2C}.Release|x86.ActiveCfg = Release|x86
		{A4BB447D-4B9E-44C1-9251-004FBFEA3E2C}.Release|x86.Build.0 = Release|x86
		{A4BB447D-4B9E-44C1-9251-004FBFEA3E2C}.Release|x86.Deploy.0 = Release|x86
		{D064DAD2-9B20-4FFD-8A83-9453E7EDDAA1}.Ad-Hoc|Any CPU.ActiveCfg = Debug|Any CPU
		{D064DAD2-9B20-4FFD-8A83-9453E7EDDAA1}.Ad-Hoc|Any CPU.Build.0 = Debug|Any CPU
		{D064DAD2-9B20-4FFD-8A83-9453E7EDDAA1}.Ad-Hoc|Any CPU.Deploy.0 = Debug|Any CPU
		{D064DAD2-9B20-4FFD-8A83-9453E7EDDAA1}.Ad-Hoc|ARM.ActiveCfg = Debug|Any CPU
		{D064DAD2-9B20-4FFD-8A83-9453E7EDDAA1}.Ad-Hoc|ARM.Build.0 = Debug|Any CPU
		{D064DAD2-9B20-4FFD-8A83-9453E7EDDAA1}.Ad-Hoc|ARM.Deploy.0 = Debug|Any CPU
		{D064DAD2-9B20-4FFD-8A83-9453E7EDDAA1}.Ad-Hoc|iPhone.ActiveCfg = Debug|Any CPU
		{D064DAD2-9B20-4FFD-8A83-9453E7EDDAA1}.Ad-Hoc|iPhone.Build.0 = Debug|Any CPU
		{D064DAD2-9B20-4FFD-8A83-9453E7EDDAA1}.Ad-Hoc|iPhone.Deploy.0 = Debug|Any CPU
		{D064DAD2-9B20-4FFD-8A83-9453E7EDDAA1}.Ad-Hoc|iPhoneSimulator.ActiveCfg = Debug|Any CPU
		{D064DAD2-9B20-4FFD-8A83-9453E7EDDAA1}.Ad-Hoc|iPhoneSimulator.Build.0 = Debug|Any CPU
		{D064DAD2-9B20-4FFD-8A83-9453E7EDDAA1}.Ad-Hoc|iPhoneSimulator.Deploy.0 = Debug|Any CPU
		{D064DAD2-9B20-4FFD-8A83-9453E7EDDAA1}.Ad-Hoc|x64.ActiveCfg = Debug|Any CPU
		{D064DAD2-9B20-4FFD-8A83-9453E7EDDAA1}.Ad-Hoc|x64.Build.0 = Debug|Any CPU
		{D064DAD2-9B20-4FFD-8A83-9453E7EDDAA1}.Ad-Hoc|x64.Deploy.0 = Debug|Any CPU
		{D064DAD2-9B20-4FFD-8A83-9453E7EDDAA1}.Ad-Hoc|x86.ActiveCfg = Debug|Any CPU
		{D064DAD2-9B20-4FFD-8A83-9453E7EDDAA1}.Ad-Hoc|x86.Build.0 = Debug|Any CPU
		{D064DAD2-9B20-4FFD-8A83-9453E7EDDAA1}.Ad-Hoc|x86.Deploy.0 = Debug|Any CPU
		{D064DAD2-9B20-4FFD-8A83-9453E7EDDAA1}.AppStore|Any CPU.ActiveCfg = Debug|Any CPU
		{D064DAD2-9B20-4FFD-8A83-9453E7EDDAA1}.AppStore|Any CPU.Build.0 = Debug|Any CPU
		{D064DAD2-9B20-4FFD-8A83-9453E7EDDAA1}.AppStore|Any CPU.Deploy.0 = Debug|Any CPU
		{D064DAD2-9B20-4FFD-8A83-9453E7EDDAA1}.AppStore|ARM.ActiveCfg = Debug|Any CPU
		{D064DAD2-9B20-4FFD-8A83-9453E7EDDAA1}.AppStore|ARM.Build.0 = Debug|Any CPU
		{D064DAD2-9B20-4FFD-8A83-9453E7EDDAA1}.AppStore|ARM.Deploy.0 = Debug|Any CPU
		{D064DAD2-9B20-4FFD-8A83-9453E7EDDAA1}.AppStore|iPhone.ActiveCfg = Debug|Any CPU
		{D064DAD2-9B20-4FFD-8A83-9453E7EDDAA1}.AppStore|iPhone.Build.0 = Debug|Any CPU
		{D064DAD2-9B20-4FFD-8A83-9453E7EDDAA1}.AppStore|iPhone.Deploy.0 = Debug|Any CPU
		{D064DAD2-9B20-4FFD-8A83-9453E7EDDAA1}.AppStore|iPhoneSimulator.ActiveCfg = Debug|Any CPU
		{D064DAD2-9B20-4FFD-8A83-9453E7EDDAA1}.AppStore|iPhoneSimulator.Build.0 = Debug|Any CPU
		{D064DAD2-9B20-4FFD-8A83-9453E7EDDAA1}.AppStore|iPhoneSimulator.Deploy.0 = Debug|Any CPU
		{D064DAD2-9B20-4FFD-8A83-9453E7EDDAA1}.AppStore|x64.ActiveCfg = Debug|Any CPU
		{D064DAD2-9B20-4FFD-8A83-9453E7EDDAA1}.AppStore|x64.Build.0 = Debug|Any CPU
		{D064DAD2-9B20-4FFD-8A83-9453E7EDDAA1}.AppStore|x64.Deploy.0 = Debug|Any CPU
		{D064DAD2-9B20-4FFD-8A83-9453E7EDDAA1}.AppStore|x86.ActiveCfg = Debug|Any CPU
		{D064DAD2-9B20-4FFD-8A83-9453E7EDDAA1}.AppStore|x86.Build.0 = Debug|Any CPU
		{D064DAD2-9B20-4FFD-8A83-9453E7EDDAA1}.AppStore|x86.Deploy.0 = Debug|Any CPU
		{D064DAD2-9B20-4FFD-8A83-9453E7EDDAA1}.Debug|Any CPU.ActiveCfg = Debug|Any CPU
		{D064DAD2-9B20-4FFD-8A83-9453E7EDDAA1}.Debug|Any CPU.Build.0 = Debug|Any CPU
		{D064DAD2-9B20-4FFD-8A83-9453E7EDDAA1}.Debug|Any CPU.Deploy.0 = Debug|Any CPU
		{D064DAD2-9B20-4FFD-8A83-9453E7EDDAA1}.Debug|ARM.ActiveCfg = Debug|Any CPU
		{D064DAD2-9B20-4FFD-8A83-9453E7EDDAA1}.Debug|ARM.Build.0 = Debug|Any CPU
		{D064DAD2-9B20-4FFD-8A83-9453E7EDDAA1}.Debug|ARM.Deploy.0 = Debug|Any CPU
		{D064DAD2-9B20-4FFD-8A83-9453E7EDDAA1}.Debug|iPhone.ActiveCfg = Debug|Any CPU
		{D064DAD2-9B20-4FFD-8A83-9453E7EDDAA1}.Debug|iPhone.Build.0 = Debug|Any CPU
		{D064DAD2-9B20-4FFD-8A83-9453E7EDDAA1}.Debug|iPhone.Deploy.0 = Debug|Any CPU
		{D064DAD2-9B20-4FFD-8A83-9453E7EDDAA1}.Debug|iPhoneSimulator.ActiveCfg = Debug|Any CPU
		{D064DAD2-9B20-4FFD-8A83-9453E7EDDAA1}.Debug|iPhoneSimulator.Build.0 = Debug|Any CPU
		{D064DAD2-9B20-4FFD-8A83-9453E7EDDAA1}.Debug|iPhoneSimulator.Deploy.0 = Debug|Any CPU
		{D064DAD2-9B20-4FFD-8A83-9453E7EDDAA1}.Debug|x64.ActiveCfg = Debug|Any CPU
		{D064DAD2-9B20-4FFD-8A83-9453E7EDDAA1}.Debug|x64.Build.0 = Debug|Any CPU
		{D064DAD2-9B20-4FFD-8A83-9453E7EDDAA1}.Debug|x64.Deploy.0 = Debug|Any CPU
		{D064DAD2-9B20-4FFD-8A83-9453E7EDDAA1}.Debug|x86.ActiveCfg = Debug|Any CPU
		{D064DAD2-9B20-4FFD-8A83-9453E7EDDAA1}.Debug|x86.Build.0 = Debug|Any CPU
		{D064DAD2-9B20-4FFD-8A83-9453E7EDDAA1}.Debug|x86.Deploy.0 = Debug|Any CPU
		{D064DAD2-9B20-4FFD-8A83-9453E7EDDAA1}.Release|Any CPU.ActiveCfg = Release|Any CPU
		{D064DAD2-9B20-4FFD-8A83-9453E7EDDAA1}.Release|Any CPU.Build.0 = Release|Any CPU
		{D064DAD2-9B20-4FFD-8A83-9453E7EDDAA1}.Release|Any CPU.Deploy.0 = Release|Any CPU
		{D064DAD2-9B20-4FFD-8A83-9453E7EDDAA1}.Release|ARM.ActiveCfg = Release|Any CPU
		{D064DAD2-9B20-4FFD-8A83-9453E7EDDAA1}.Release|ARM.Build.0 = Release|Any CPU
		{D064DAD2-9B20-4FFD-8A83-9453E7EDDAA1}.Release|ARM.Deploy.0 = Release|Any CPU
		{D064DAD2-9B20-4FFD-8A83-9453E7EDDAA1}.Release|iPhone.ActiveCfg = Release|Any CPU
		{D064DAD2-9B20-4FFD-8A83-9453E7EDDAA1}.Release|iPhone.Build.0 = Release|Any CPU
		{D064DAD2-9B20-4FFD-8A83-9453E7EDDAA1}.Release|iPhone.Deploy.0 = Release|Any CPU
		{D064DAD2-9B20-4FFD-8A83-9453E7EDDAA1}.Release|iPhoneSimulator.ActiveCfg = Release|Any CPU
		{D064DAD2-9B20-4FFD-8A83-9453E7EDDAA1}.Release|iPhoneSimulator.Build.0 = Release|Any CPU
		{D064DAD2-9B20-4FFD-8A83-9453E7EDDAA1}.Release|iPhoneSimulator.Deploy.0 = Release|Any CPU
		{D064DAD2-9B20-4FFD-8A83-9453E7EDDAA1}.Release|x64.ActiveCfg = Release|Any CPU
		{D064DAD2-9B20-4FFD-8A83-9453E7EDDAA1}.Release|x64.Build.0 = Release|Any CPU
		{D064DAD2-9B20-4FFD-8A83-9453E7EDDAA1}.Release|x64.Deploy.0 = Release|Any CPU
		{D064DAD2-9B20-4FFD-8A83-9453E7EDDAA1}.Release|x86.ActiveCfg = Release|Any CPU
		{D064DAD2-9B20-4FFD-8A83-9453E7EDDAA1}.Release|x86.Build.0 = Release|Any CPU
		{D064DAD2-9B20-4FFD-8A83-9453E7EDDAA1}.Release|x86.Deploy.0 = Release|Any CPU
	EndGlobalSection
	GlobalSection(SolutionProperties) = preSolution
		HideSolutionNode = FALSE
	EndGlobalSection
	GlobalSection(ExtensibilityGlobals) = postSolution
		SolutionGuid = {03CBEF7F-EDCE-4EE8-BEBE-DC5A8464BF2F}
	EndGlobalSection
EndGlobal
