
Microsoft Visual Studio Solution File, Format Version 12.00
# Visual Studio 15
VisualStudioVersion = 15.0.27703.2042
MinimumVisualStudioVersion = 10.0.40219.1
Project("{FAE04EC0-301F-11D3-BF4B-00C04F79EFBC}") = "App001_ConsultarCEP.Android", "App001_ConsultarCEP\App001_ConsultarCEP.Android\App001_ConsultarCEP.Android.csproj", "{005CC0DE-D84C-4B9D-B580-F300DEA43F18}"
EndProject
Project("{FAE04EC0-301F-11D3-BF4B-00C04F79EFBC}") = "App001_ConsultarCEP.iOS", "App001_ConsultarCEP\App001_ConsultarCEP.iOS\App001_ConsultarCEP.iOS.csproj", "{3FC8A91C-715F-4839-94BE-AA534B54884B}"
EndProject
Project("{FAE04EC0-301F-11D3-BF4B-00C04F79EFBC}") = "App001_ConsultarCEP.UWP", "App001_ConsultarCEP\App001_ConsultarCEP.UWP\App001_ConsultarCEP.UWP.csproj", "{62CF05F7-C876-4167-991F-3B5BBB929188}"
EndProject
Project("{FAE04EC0-301F-11D3-BF4B-00C04F79EFBC}") = "App001_ConsultarCEP", "App001_ConsultarCEP\App001_ConsultarCEP\App001_ConsultarCEP.csproj", "{1DD4E83F-C139-40BE-9388-261DC29EF0AF}"
EndProject
Global
	GlobalSection(SolutionConfigurationPlatforms) = preSolution
		Ad-Hoc|Any CPU = Ad-Hoc|Any CPU
		Ad-Hoc|ARM = Ad-Hoc|ARM
		Ad-Hoc|iPhone = Ad-Hoc|iPhone
		Ad-Hoc|iPhoneSimulator = Ad-Hoc|iPhoneSimulator
		Ad-Hoc|x64 = Ad-Hoc|x64
		Ad-Hoc|x86 = Ad-Hoc|x86
		AppStore|Any CPU = AppStore|Any CPU
		AppStore|ARM = AppStore|ARM
		AppStore|iPhone = AppStore|iPhone
		AppStore|iPhoneSimulator = AppStore|iPhoneSimulator
		AppStore|x64 = AppStore|x64
		AppStore|x86 = AppStore|x86
		Debug|Any CPU = Debug|Any CPU
		Debug|ARM = Debug|ARM
		Debug|iPhone = Debug|iPhone
		Debug|iPhoneSimulator = Debug|iPhoneSimulator
		Debug|x64 = Debug|x64
		Debug|x86 = Debug|x86
		Release|Any CPU = Release|Any CPU
		Release|ARM = Release|ARM
		Release|iPhone = Release|iPhone
		Release|iPhoneSimulator = Release|iPhoneSimulator
		Release|x64 = Release|x64
		Release|x86 = Release|x86
	EndGlobalSection
	GlobalSection(ProjectConfigurationPlatforms) = postSolution
		{005CC0DE-D84C-4B9D-B580-F300DEA43F18}.Ad-Hoc|Any CPU.ActiveCfg = Release|Any CPU
		{005CC0DE-D84C-4B9D-B580-F300DEA43F18}.Ad-Hoc|Any CPU.Build.0 = Release|Any CPU
		{005CC0DE-D84C-4B9D-B580-F300DEA43F18}.Ad-Hoc|Any CPU.Deploy.0 = Release|Any CPU
		{005CC0DE-D84C-4B9D-B580-F300DEA43F18}.Ad-Hoc|ARM.ActiveCfg = Release|Any CPU
		{005CC0DE-D84C-4B9D-B580-F300DEA43F18}.Ad-Hoc|ARM.Build.0 = Release|Any CPU
		{005CC0DE-D84C-4B9D-B580-F300DEA43F18}.Ad-Hoc|ARM.Deploy.0 = Release|Any CPU
		{005CC0DE-D84C-4B9D-B580-F300DEA43F18}.Ad-Hoc|iPhone.ActiveCfg = Release|Any CPU
		{005CC0DE-D84C-4B9D-B580-F300DEA43F18}.Ad-Hoc|iPhone.Build.0 = Release|Any CPU
		{005CC0DE-D84C-4B9D-B580-F300DEA43F18}.Ad-Hoc|iPhone.Deploy.0 = Release|Any CPU
		{005CC0DE-D84C-4B9D-B580-F300DEA43F18}.Ad-Hoc|iPhoneSimulator.ActiveCfg = Release|Any CPU
		{005CC0DE-D84C-4B9D-B580-F300DEA43F18}.Ad-Hoc|iPhoneSimulator.Build.0 = Release|Any CPU
		{005CC0DE-D84C-4B9D-B580-F300DEA43F18}.Ad-Hoc|iPhoneSimulator.Deploy.0 = Release|Any CPU
		{005CC0DE-D84C-4B9D-B580-F300DEA43F18}.Ad-Hoc|x64.ActiveCfg = Release|Any CPU
		{005CC0DE-D84C-4B9D-B580-F300DEA43F18}.Ad-Hoc|x64.Build.0 = Release|Any CPU
		{005CC0DE-D84C-4B9D-B580-F300DEA43F18}.Ad-Hoc|x64.Deploy.0 = Release|Any CPU
		{005CC0DE-D84C-4B9D-B580-F300DEA43F18}.Ad-Hoc|x86.ActiveCfg = Release|Any CPU
		{005CC0DE-D84C-4B9D-B580-F300DEA43F18}.Ad-Hoc|x86.Build.0 = Release|Any CPU
		{005CC0DE-D84C-4B9D-B580-F300DEA43F18}.Ad-Hoc|x86.Deploy.0 = Release|Any CPU
		{005CC0DE-D84C-4B9D-B580-F300DEA43F18}.AppStore|Any CPU.ActiveCfg = Release|Any CPU
		{005CC0DE-D84C-4B9D-B580-F300DEA43F18}.AppStore|Any CPU.Build.0 = Release|Any CPU
		{005CC0DE-D84C-4B9D-B580-F300DEA43F18}.AppStore|Any CPU.Deploy.0 = Release|Any CPU
		{005CC0DE-D84C-4B9D-B580-F300DEA43F18}.AppStore|ARM.ActiveCfg = Release|Any CPU
		{005CC0DE-D84C-4B9D-B580-F300DEA43F18}.AppStore|ARM.Build.0 = Release|Any CPU
		{005CC0DE-D84C-4B9D-B580-F300DEA43F18}.AppStore|ARM.Deploy.0 = Release|Any CPU
		{005CC0DE-D84C-4B9D-B580-F300DEA43F18}.AppStore|iPhone.ActiveCfg = Release|Any CPU
		{005CC0DE-D84C-4B9D-B580-F300DEA43F18}.AppStore|iPhone.Build.0 = Release|Any CPU
		{005CC0DE-D84C-4B9D-B580-F300DEA43F18}.AppStore|iPhone.Deploy.0 = Release|Any CPU
		{005CC0DE-D84C-4B9D-B580-F300DEA43F18}.AppStore|iPhoneSimulator.ActiveCfg = Release|Any CPU
		{005CC0DE-D84C-4B9D-B580-F300DEA43F18}.AppStore|iPhoneSimulator.Build.0 = Release|Any CPU
		{005CC0DE-D84C-4B9D-B580-F300DEA43F18}.AppStore|iPhoneSimulator.Deploy.0 = Release|Any CPU
		{005CC0DE-D84C-4B9D-B580-F300DEA43F18}.AppStore|x64.ActiveCfg = Release|Any CPU
		{005CC0DE-D84C-4B9D-B580-F300DEA43F18}.AppStore|x64.Build.0 = Release|Any CPU
		{005CC0DE-D84C-4B9D-B580-F300DEA43F18}.AppStore|x64.Deploy.0 = Release|Any CPU
		{005CC0DE-D84C-4B9D-B580-F300DEA43F18}.AppStore|x86.ActiveCfg = Release|Any CPU
		{005CC0DE-D84C-4B9D-B580-F300DEA43F18}.AppStore|x86.Build.0 = Release|Any CPU
		{005CC0DE-D84C-4B9D-B580-F300DEA43F18}.AppStore|x86.Deploy.0 = Release|Any CPU
		{005CC0DE-D84C-4B9D-B580-F300DEA43F18}.Debug|Any CPU.ActiveCfg = Debug|Any CPU
		{005CC0DE-D84C-4B9D-B580-F300DEA43F18}.Debug|Any CPU.Build.0 = Debug|Any CPU
		{005CC0DE-D84C-4B9D-B580-F300DEA43F18}.Debug|Any CPU.Deploy.0 = Debug|Any CPU
		{005CC0DE-D84C-4B9D-B580-F300DEA43F18}.Debug|ARM.ActiveCfg = Debug|Any CPU
		{005CC0DE-D84C-4B9D-B580-F300DEA43F18}.Debug|ARM.Build.0 = Debug|Any CPU
		{005CC0DE-D84C-4B9D-B580-F300DEA43F18}.Debug|ARM.Deploy.0 = Debug|Any CPU
		{005CC0DE-D84C-4B9D-B580-F300DEA43F18}.Debug|iPhone.ActiveCfg = Debug|Any CPU
		{005CC0DE-D84C-4B9D-B580-F300DEA43F18}.Debug|iPhone.Build.0 = Debug|Any CPU
		{005CC0DE-D84C-4B9D-B580-F300DEA43F18}.Debug|iPhone.Deploy.0 = Debug|Any CPU
		{005CC0DE-D84C-4B9D-B580-F300DEA43F18}.Debug|iPhoneSimulator.ActiveCfg = Debug|Any CPU
		{005CC0DE-D84C-4B9D-B580-F300DEA43F18}.Debug|iPhoneSimulator.Build.0 = Debug|Any CPU
		{005CC0DE-D84C-4B9D-B580-F300DEA43F18}.Debug|iPhoneSimulator.Deploy.0 = Debug|Any CPU
		{005CC0DE-D84C-4B9D-B580-F300DEA43F18}.Debug|x64.ActiveCfg = Debug|Any CPU
		{005CC0DE-D84C-4B9D-B580-F300DEA43F18}.Debug|x64.Build.0 = Debug|Any CPU
		{005CC0DE-D84C-4B9D-B580-F300DEA43F18}.Debug|x64.Deploy.0 = Debug|Any CPU
		{005CC0DE-D84C-4B9D-B580-F300DEA43F18}.Debug|x86.ActiveCfg = Debug|Any CPU
		{005CC0DE-D84C-4B9D-B580-F300DEA43F18}.Debug|x86.Build.0 = Debug|Any CPU
		{005CC0DE-D84C-4B9D-B580-F300DEA43F18}.Debug|x86.Deploy.0 = Debug|Any CPU
		{005CC0DE-D84C-4B9D-B580-F300DEA43F18}.Release|Any CPU.ActiveCfg = Release|Any CPU
		{005CC0DE-D84C-4B9D-B580-F300DEA43F18}.Release|Any CPU.Build.0 = Release|Any CPU
		{005CC0DE-D84C-4B9D-B580-F300DEA43F18}.Release|Any CPU.Deploy.0 = Release|Any CPU
		{005CC0DE-D84C-4B9D-B580-F300DEA43F18}.Release|ARM.ActiveCfg = Release|Any CPU
		{005CC0DE-D84C-4B9D-B580-F300DEA43F18}.Release|ARM.Build.0 = Release|Any CPU
		{005CC0DE-D84C-4B9D-B580-F300DEA43F18}.Release|ARM.Deploy.0 = Release|Any CPU
		{005CC0DE-D84C-4B9D-B580-F300DEA43F18}.Release|iPhone.ActiveCfg = Release|Any CPU
		{005CC0DE-D84C-4B9D-B580-F300DEA43F18}.Release|iPhone.Build.0 = Release|Any CPU
		{005CC0DE-D84C-4B9D-B580-F300DEA43F18}.Release|iPhone.Deploy.0 = Release|Any CPU
		{005CC0DE-D84C-4B9D-B580-F300DEA43F18}.Release|iPhoneSimulator.ActiveCfg = Release|Any CPU
		{005CC0DE-D84C-4B9D-B580-F300DEA43F18}.Release|iPhoneSimulator.Build.0 = Release|Any CPU
		{005CC0DE-D84C-4B9D-B580-F300DEA43F18}.Release|iPhoneSimulator.Deploy.0 = Release|Any CPU
		{005CC0DE-D84C-4B9D-B580-F300DEA43F18}.Release|x64.ActiveCfg = Release|Any CPU
		{005CC0DE-D84C-4B9D-B580-F300DEA43F18}.Release|x64.Build.0 = Release|Any CPU
		{005CC0DE-D84C-4B9D-B580-F300DEA43F18}.Release|x64.Deploy.0 = Release|Any CPU
		{005CC0DE-D84C-4B9D-B580-F300DEA43F18}.Release|x86.ActiveCfg = Release|Any CPU
		{005CC0DE-D84C-4B9D-B580-F300DEA43F18}.Release|x86.Build.0 = Release|Any CPU
		{005CC0DE-D84C-4B9D-B580-F300DEA43F18}.Release|x86.Deploy.0 = Release|Any CPU
		{3FC8A91C-715F-4839-94BE-AA534B54884B}.Ad-Hoc|Any CPU.ActiveCfg = Ad-Hoc|iPhone
		{3FC8A91C-715F-4839-94BE-AA534B54884B}.Ad-Hoc|Any CPU.Build.0 = Ad-Hoc|iPhone
		{3FC8A91C-715F-4839-94BE-AA534B54884B}.Ad-Hoc|Any CPU.Deploy.0 = Ad-Hoc|iPhone
		{3FC8A91C-715F-4839-94BE-AA534B54884B}.Ad-Hoc|ARM.ActiveCfg = Ad-Hoc|iPhone
		{3FC8A91C-715F-4839-94BE-AA534B54884B}.Ad-Hoc|ARM.Build.0 = Ad-Hoc|iPhone
		{3FC8A91C-715F-4839-94BE-AA534B54884B}.Ad-Hoc|ARM.Deploy.0 = Ad-Hoc|iPhone
		{3FC8A91C-715F-4839-94BE-AA534B54884B}.Ad-Hoc|iPhone.ActiveCfg = Ad-Hoc|iPhone
		{3FC8A91C-715F-4839-94BE-AA534B54884B}.Ad-Hoc|iPhone.Build.0 = Ad-Hoc|iPhone
		{3FC8A91C-715F-4839-94BE-AA534B54884B}.Ad-Hoc|iPhone.Deploy.0 = Ad-Hoc|iPhone
		{3FC8A91C-715F-4839-94BE-AA534B54884B}.Ad-Hoc|iPhoneSimulator.ActiveCfg = Ad-Hoc|iPhoneSimulator
		{3FC8A91C-715F-4839-94BE-AA534B54884B}.Ad-Hoc|iPhoneSimulator.Build.0 = Ad-Hoc|iPhoneSimulator
		{3FC8A91C-715F-4839-94BE-AA534B54884B}.Ad-Hoc|iPhoneSimulator.Deploy.0 = Ad-Hoc|iPhoneSimulator
		{3FC8A91C-715F-4839-94BE-AA534B54884B}.Ad-Hoc|x64.ActiveCfg = Ad-Hoc|iPhone
		{3FC8A91C-715F-4839-94BE-AA534B54884B}.Ad-Hoc|x64.Build.0 = Ad-Hoc|iPhone
		{3FC8A91C-715F-4839-94BE-AA534B54884B}.Ad-Hoc|x64.Deploy.0 = Ad-Hoc|iPhone
		{3FC8A91C-715F-4839-94BE-AA534B54884B}.Ad-Hoc|x86.ActiveCfg = Ad-Hoc|iPhone
		{3FC8A91C-715F-4839-94BE-AA534B54884B}.Ad-Hoc|x86.Build.0 = Ad-Hoc|iPhone
		{3FC8A91C-715F-4839-94BE-AA534B54884B}.Ad-Hoc|x86.Deploy.0 = Ad-Hoc|iPhone
		{3FC8A91C-715F-4839-94BE-AA534B54884B}.AppStore|Any CPU.ActiveCfg = AppStore|iPhone
		{3FC8A91C-715F-4839-94BE-AA534B54884B}.AppStore|Any CPU.Build.0 = AppStore|iPhone
		{3FC8A91C-715F-4839-94BE-AA534B54884B}.AppStore|Any CPU.Deploy.0 = AppStore|iPhone
		{3FC8A91C-715F-4839-94BE-AA534B54884B}.AppStore|ARM.ActiveCfg = AppStore|iPhone
		{3FC8A91C-715F-4839-94BE-AA534B54884B}.AppStore|ARM.Build.0 = AppStore|iPhone
		{3FC8A91C-715F-4839-94BE-AA534B54884B}.AppStore|ARM.Deploy.0 = AppStore|iPhone
		{3FC8A91C-715F-4839-94BE-AA534B54884B}.AppStore|iPhone.ActiveCfg = AppStore|iPhone
		{3FC8A91C-715F-4839-94BE-AA534B54884B}.AppStore|iPhone.Build.0 = AppStore|iPhone
		{3FC8A91C-715F-4839-94BE-AA534B54884B}.AppStore|iPhone.Deploy.0 = AppStore|iPhone
		{3FC8A91C-715F-4839-94BE-AA534B54884B}.AppStore|iPhoneSimulator.ActiveCfg = AppStore|iPhoneSimulator
		{3FC8A91C-715F-4839-94BE-AA534B54884B}.AppStore|iPhoneSimulator.Build.0 = AppStore|iPhoneSimulator
		{3FC8A91C-715F-4839-94BE-AA534B54884B}.AppStore|iPhoneSimulator.Deploy.0 = AppStore|iPhoneSimulator
		{3FC8A91C-715F-4839-94BE-AA534B54884B}.AppStore|x64.ActiveCfg = AppStore|iPhone
		{3FC8A91C-715F-4839-94BE-AA534B54884B}.AppStore|x64.Build.0 = AppStore|iPhone
		{3FC8A91C-715F-4839-94BE-AA534B54884B}.AppStore|x64.Deploy.0 = AppStore|iPhone
		{3FC8A91C-715F-4839-94BE-AA534B54884B}.AppStore|x86.ActiveCfg = AppStore|iPhone
		{3FC8A91C-715F-4839-94BE-AA534B54884B}.AppStore|x86.Build.0 = AppStore|iPhone
		{3FC8A91C-715F-4839-94BE-AA534B54884B}.AppStore|x86.Deploy.0 = AppStore|iPhone
		{3FC8A91C-715F-4839-94BE-AA534B54884B}.Debug|Any CPU.ActiveCfg = Debug|iPhoneSimulator
		{3FC8A91C-715F-4839-94BE-AA534B54884B}.Debug|Any CPU.Build.0 = Debug|iPhoneSimulator
		{3FC8A91C-715F-4839-94BE-AA534B54884B}.Debug|Any CPU.Deploy.0 = Debug|iPhoneSimulator
		{3FC8A91C-715F-4839-94BE-AA534B54884B}.Debug|ARM.ActiveCfg = Debug|iPhone
		{3FC8A91C-715F-4839-94BE-AA534B54884B}.Debug|ARM.Build.0 = Debug|iPhone
		{3FC8A91C-715F-4839-94BE-AA534B54884B}.Debug|ARM.Deploy.0 = Debug|iPhone
		{3FC8A91C-715F-4839-94BE-AA534B54884B}.Debug|iPhone.ActiveCfg = Debug|iPhone
		{3FC8A91C-715F-4839-94BE-AA534B54884B}.Debug|iPhone.Build.0 = Debug|iPhone
		{3FC8A91C-715F-4839-94BE-AA534B54884B}.Debug|iPhone.Deploy.0 = Debug|iPhone
		{3FC8A91C-715F-4839-94BE-AA534B54884B}.Debug|iPhoneSimulator.ActiveCfg = Debug|iPhoneSimulator
		{3FC8A91C-715F-4839-94BE-AA534B54884B}.Debug|iPhoneSimulator.Build.0 = Debug|iPhoneSimulator
		{3FC8A91C-715F-4839-94BE-AA534B54884B}.Debug|iPhoneSimulator.Deploy.0 = Debug|iPhoneSimulator
		{3FC8A91C-715F-4839-94BE-AA534B54884B}.Debug|x64.ActiveCfg = Debug|iPhone
		{3FC8A91C-715F-4839-94BE-AA534B54884B}.Debug|x64.Build.0 = Debug|iPhone
		{3FC8A91C-715F-4839-94BE-AA534B54884B}.Debug|x64.Deploy.0 = Debug|iPhone
		{3FC8A91C-715F-4839-94BE-AA534B54884B}.Debug|x86.ActiveCfg = Debug|iPhone
		{3FC8A91C-715F-4839-94BE-AA534B54884B}.Debug|x86.Build.0 = Debug|iPhone
		{3FC8A91C-715F-4839-94BE-AA534B54884B}.Debug|x86.Deploy.0 = Debug|iPhone
		{3FC8A91C-715F-4839-94BE-AA534B54884B}.Release|Any CPU.ActiveCfg = Release|iPhone
		{3FC8A91C-715F-4839-94BE-AA534B54884B}.Release|Any CPU.Build.0 = Release|iPhone
		{3FC8A91C-715F-4839-94BE-AA534B54884B}.Release|Any CPU.Deploy.0 = Release|iPhone
		{3FC8A91C-715F-4839-94BE-AA534B54884B}.Release|ARM.ActiveCfg = Release|iPhone
		{3FC8A91C-715F-4839-94BE-AA534B54884B}.Release|ARM.Build.0 = Release|iPhone
		{3FC8A91C-715F-4839-94BE-AA534B54884B}.Release|ARM.Deploy.0 = Release|iPhone
		{3FC8A91C-715F-4839-94BE-AA534B54884B}.Release|iPhone.ActiveCfg = Release|iPhone
		{3FC8A91C-715F-4839-94BE-AA534B54884B}.Release|iPhone.Build.0 = Release|iPhone
		{3FC8A91C-715F-4839-94BE-AA534B54884B}.Release|iPhone.Deploy.0 = Release|iPhone
		{3FC8A91C-715F-4839-94BE-AA534B54884B}.Release|iPhoneSimulator.ActiveCfg = Release|iPhoneSimulator
		{3FC8A91C-715F-4839-94BE-AA534B54884B}.Release|iPhoneSimulator.Build.0 = Release|iPhoneSimulator
		{3FC8A91C-715F-4839-94BE-AA534B54884B}.Release|iPhoneSimulator.Deploy.0 = Release|iPhoneSimulator
		{3FC8A91C-715F-4839-94BE-AA534B54884B}.Release|x64.ActiveCfg = Release|iPhone
		{3FC8A91C-715F-4839-94BE-AA534B54884B}.Release|x64.Build.0 = Release|iPhone
		{3FC8A91C-715F-4839-94BE-AA534B54884B}.Release|x64.Deploy.0 = Release|iPhone
		{3FC8A91C-715F-4839-94BE-AA534B54884B}.Release|x86.ActiveCfg = Release|iPhone
		{3FC8A91C-715F-4839-94BE-AA534B54884B}.Release|x86.Build.0 = Release|iPhone
		{3FC8A91C-715F-4839-94BE-AA534B54884B}.Release|x86.Deploy.0 = Release|iPhone
		{62CF05F7-C876-4167-991F-3B5BBB929188}.Ad-Hoc|Any CPU.ActiveCfg = Release|x86
		{62CF05F7-C876-4167-991F-3B5BBB929188}.Ad-Hoc|Any CPU.Build.0 = Release|x86
		{62CF05F7-C876-4167-991F-3B5BBB929188}.Ad-Hoc|Any CPU.Deploy.0 = Release|x86
		{62CF05F7-C876-4167-991F-3B5BBB929188}.Ad-Hoc|ARM.ActiveCfg = Release|ARM
		{62CF05F7-C876-4167-991F-3B5BBB929188}.Ad-Hoc|ARM.Build.0 = Release|ARM
		{62CF05F7-C876-4167-991F-3B5BBB929188}.Ad-Hoc|ARM.Deploy.0 = Release|ARM
		{62CF05F7-C876-4167-991F-3B5BBB929188}.Ad-Hoc|iPhone.ActiveCfg = Release|x86
		{62CF05F7-C876-4167-991F-3B5BBB929188}.Ad-Hoc|iPhone.Build.0 = Release|x86
		{62CF05F7-C876-4167-991F-3B5BBB929188}.Ad-Hoc|iPhone.Deploy.0 = Release|x86
		{62CF05F7-C876-4167-991F-3B5BBB929188}.Ad-Hoc|iPhoneSimulator.ActiveCfg = Release|x86
		{62CF05F7-C876-4167-991F-3B5BBB929188}.Ad-Hoc|iPhoneSimulator.Build.0 = Release|x86
		{62CF05F7-C876-4167-991F-3B5BBB929188}.Ad-Hoc|iPhoneSimulator.Deploy.0 = Release|x86
		{62CF05F7-C876-4167-991F-3B5BBB929188}.Ad-Hoc|x64.ActiveCfg = Release|x64
		{62CF05F7-C876-4167-991F-3B5BBB929188}.Ad-Hoc|x64.Build.0 = Release|x64
		{62CF05F7-C876-4167-991F-3B5BBB929188}.Ad-Hoc|x64.Deploy.0 = Release|x64
		{62CF05F7-C876-4167-991F-3B5BBB929188}.Ad-Hoc|x86.ActiveCfg = Release|x86
		{62CF05F7-C876-4167-991F-3B5BBB929188}.Ad-Hoc|x86.Build.0 = Release|x86
		{62CF05F7-C876-4167-991F-3B5BBB929188}.Ad-Hoc|x86.Deploy.0 = Release|x86
		{62CF05F7-C876-4167-991F-3B5BBB929188}.AppStore|Any CPU.ActiveCfg = Release|x86
		{62CF05F7-C876-4167-991F-3B5BBB929188}.AppStore|Any CPU.Build.0 = Release|x86
		{62CF05F7-C876-4167-991F-3B5BBB929188}.AppStore|Any CPU.Deploy.0 = Release|x86
		{62CF05F7-C876-4167-991F-3B5BBB929188}.AppStore|ARM.ActiveCfg = Release|ARM
		{62CF05F7-C876-4167-991F-3B5BBB929188}.AppStore|ARM.Build.0 = Release|ARM
		{62CF05F7-C876-4167-991F-3B5BBB929188}.AppStore|ARM.Deploy.0 = Release|ARM
		{62CF05F7-C876-4167-991F-3B5BBB929188}.AppStore|iPhone.ActiveCfg = Release|x86
		{62CF05F7-C876-4167-991F-3B5BBB929188}.AppStore|iPhone.Build.0 = Release|x86
		{62CF05F7-C876-4167-991F-3B5BBB929188}.AppStore|iPhone.Deploy.0 = Release|x86
		{62CF05F7-C876-4167-991F-3B5BBB929188}.AppStore|iPhoneSimulator.ActiveCfg = Release|x86
		{62CF05F7-C876-4167-991F-3B5BBB929188}.AppStore|iPhoneSimulator.Build.0 = Release|x86
		{62CF05F7-C876-4167-991F-3B5BBB929188}.AppStore|iPhoneSimulator.Deploy.0 = Release|x86
		{62CF05F7-C876-4167-991F-3B5BBB929188}.AppStore|x64.ActiveCfg = Release|x64
		{62CF05F7-C876-4167-991F-3B5BBB929188}.AppStore|x64.Build.0 = Release|x64
		{62CF05F7-C876-4167-991F-3B5BBB929188}.AppStore|x64.Deploy.0 = Release|x64
		{62CF05F7-C876-4167-991F-3B5BBB929188}.AppStore|x86.ActiveCfg = Release|x86
		{62CF05F7-C876-4167-991F-3B5BBB929188}.AppStore|x86.Build.0 = Release|x86
		{62CF05F7-C876-4167-991F-3B5BBB929188}.AppStore|x86.Deploy.0 = Release|x86
		{62CF05F7-C876-4167-991F-3B5BBB929188}.Debug|Any CPU.ActiveCfg = Debug|x86
		{62CF05F7-C876-4167-991F-3B5BBB929188}.Debug|Any CPU.Build.0 = Debug|x86
		{62CF05F7-C876-4167-991F-3B5BBB929188}.Debug|Any CPU.Deploy.0 = Debug|x86
		{62CF05F7-C876-4167-991F-3B5BBB929188}.Debug|ARM.ActiveCfg = Debug|ARM
		{62CF05F7-C876-4167-991F-3B5BBB929188}.Debug|ARM.Build.0 = Debug|ARM
		{62CF05F7-C876-4167-991F-3B5BBB929188}.Debug|ARM.Deploy.0 = Debug|ARM
		{62CF05F7-C876-4167-991F-3B5BBB929188}.Debug|iPhone.ActiveCfg = Debug|x86
		{62CF05F7-C876-4167-991F-3B5BBB929188}.Debug|iPhone.Build.0 = Debug|x86
		{62CF05F7-C876-4167-991F-3B5BBB929188}.Debug|iPhone.Deploy.0 = Debug|x86
		{62CF05F7-C876-4167-991F-3B5BBB929188}.Debug|iPhoneSimulator.ActiveCfg = Debug|x86
		{62CF05F7-C876-4167-991F-3B5BBB929188}.Debug|iPhoneSimulator.Build.0 = Debug|x86
		{62CF05F7-C876-4167-991F-3B5BBB929188}.Debug|iPhoneSimulator.Deploy.0 = Debug|x86
		{62CF05F7-C876-4167-991F-3B5BBB929188}.Debug|x64.ActiveCfg = Debug|x64
		{62CF05F7-C876-4167-991F-3B5BBB929188}.Debug|x64.Build.0 = Debug|x64
		{62CF05F7-C876-4167-991F-3B5BBB929188}.Debug|x64.Deploy.0 = Debug|x64
		{62CF05F7-C876-4167-991F-3B5BBB929188}.Debug|x86.ActiveCfg = Debug|x86
		{62CF05F7-C876-4167-991F-3B5BBB929188}.Debug|x86.Build.0 = Debug|x86
		{62CF05F7-C876-4167-991F-3B5BBB929188}.Debug|x86.Deploy.0 = Debug|x86
		{62CF05F7-C876-4167-991F-3B5BBB929188}.Release|Any CPU.ActiveCfg = Release|x86
		{62CF05F7-C876-4167-991F-3B5BBB929188}.Release|Any CPU.Build.0 = Release|x86
		{62CF05F7-C876-4167-991F-3B5BBB929188}.Release|Any CPU.Deploy.0 = Release|x86
		{62CF05F7-C876-4167-991F-3B5BBB929188}.Release|ARM.ActiveCfg = Release|ARM
		{62CF05F7-C876-4167-991F-3B5BBB929188}.Release|ARM.Build.0 = Release|ARM
		{62CF05F7-C876-4167-991F-3B5BBB929188}.Release|ARM.Deploy.0 = Release|ARM
		{62CF05F7-C876-4167-991F-3B5BBB929188}.Release|iPhone.ActiveCfg = Release|x86
		{62CF05F7-C876-4167-991F-3B5BBB929188}.Release|iPhone.Build.0 = Release|x86
		{62CF05F7-C876-4167-991F-3B5BBB929188}.Release|iPhone.Deploy.0 = Release|x86
		{62CF05F7-C876-4167-991F-3B5BBB929188}.Release|iPhoneSimulator.ActiveCfg = Release|x86
		{62CF05F7-C876-4167-991F-3B5BBB929188}.Release|iPhoneSimulator.Build.0 = Release|x86
		{62CF05F7-C876-4167-991F-3B5BBB929188}.Release|iPhoneSimulator.Deploy.0 = Release|x86
		{62CF05F7-C876-4167-991F-3B5BBB929188}.Release|x64.ActiveCfg = Release|x64
		{62CF05F7-C876-4167-991F-3B5BBB929188}.Release|x64.Build.0 = Release|x64
		{62CF05F7-C876-4167-991F-3B5BBB929188}.Release|x64.Deploy.0 = Release|x64
		{62CF05F7-C876-4167-991F-3B5BBB929188}.Release|x86.ActiveCfg = Release|x86
		{62CF05F7-C876-4167-991F-3B5BBB929188}.Release|x86.Build.0 = Release|x86
		{62CF05F7-C876-4167-991F-3B5BBB929188}.Release|x86.Deploy.0 = Release|x86
		{1DD4E83F-C139-40BE-9388-261DC29EF0AF}.Ad-Hoc|Any CPU.ActiveCfg = Debug|Any CPU
		{1DD4E83F-C139-40BE-9388-261DC29EF0AF}.Ad-Hoc|Any CPU.Build.0 = Debug|Any CPU
		{1DD4E83F-C139-40BE-9388-261DC29EF0AF}.Ad-Hoc|Any CPU.Deploy.0 = Debug|Any CPU
		{1DD4E83F-C139-40BE-9388-261DC29EF0AF}.Ad-Hoc|ARM.ActiveCfg = Debug|Any CPU
		{1DD4E83F-C139-40BE-9388-261DC29EF0AF}.Ad-Hoc|ARM.Build.0 = Debug|Any CPU
		{1DD4E83F-C139-40BE-9388-261DC29EF0AF}.Ad-Hoc|ARM.Deploy.0 = Debug|Any CPU
		{1DD4E83F-C139-40BE-9388-261DC29EF0AF}.Ad-Hoc|iPhone.ActiveCfg = Debug|Any CPU
		{1DD4E83F-C139-40BE-9388-261DC29EF0AF}.Ad-Hoc|iPhone.Build.0 = Debug|Any CPU
		{1DD4E83F-C139-40BE-9388-261DC29EF0AF}.Ad-Hoc|iPhone.Deploy.0 = Debug|Any CPU
		{1DD4E83F-C139-40BE-9388-261DC29EF0AF}.Ad-Hoc|iPhoneSimulator.ActiveCfg = Debug|Any CPU
		{1DD4E83F-C139-40BE-9388-261DC29EF0AF}.Ad-Hoc|iPhoneSimulator.Build.0 = Debug|Any CPU
		{1DD4E83F-C139-40BE-9388-261DC29EF0AF}.Ad-Hoc|iPhoneSimulator.Deploy.0 = Debug|Any CPU
		{1DD4E83F-C139-40BE-9388-261DC29EF0AF}.Ad-Hoc|x64.ActiveCfg = Debug|Any CPU
		{1DD4E83F-C139-40BE-9388-261DC29EF0AF}.Ad-Hoc|x64.Build.0 = Debug|Any CPU
		{1DD4E83F-C139-40BE-9388-261DC29EF0AF}.Ad-Hoc|x64.Deploy.0 = Debug|Any CPU
		{1DD4E83F-C139-40BE-9388-261DC29EF0AF}.Ad-Hoc|x86.ActiveCfg = Debug|Any CPU
		{1DD4E83F-C139-40BE-9388-261DC29EF0AF}.Ad-Hoc|x86.Build.0 = Debug|Any CPU
		{1DD4E83F-C139-40BE-9388-261DC29EF0AF}.Ad-Hoc|x86.Deploy.0 = Debug|Any CPU
		{1DD4E83F-C139-40BE-9388-261DC29EF0AF}.AppStore|Any CPU.ActiveCfg = Debug|Any CPU
		{1DD4E83F-C139-40BE-9388-261DC29EF0AF}.AppStore|Any CPU.Build.0 = Debug|Any CPU
		{1DD4E83F-C139-40BE-9388-261DC29EF0AF}.AppStore|Any CPU.Deploy.0 = Debug|Any CPU
		{1DD4E83F-C139-40BE-9388-261DC29EF0AF}.AppStore|ARM.ActiveCfg = Debug|Any CPU
		{1DD4E83F-C139-40BE-9388-261DC29EF0AF}.AppStore|ARM.Build.0 = Debug|Any CPU
		{1DD4E83F-C139-40BE-9388-261DC29EF0AF}.AppStore|ARM.Deploy.0 = Debug|Any CPU
		{1DD4E83F-C139-40BE-9388-261DC29EF0AF}.AppStore|iPhone.ActiveCfg = Debug|Any CPU
		{1DD4E83F-C139-40BE-9388-261DC29EF0AF}.AppStore|iPhone.Build.0 = Debug|Any CPU
		{1DD4E83F-C139-40BE-9388-261DC29EF0AF}.AppStore|iPhone.Deploy.0 = Debug|Any CPU
		{1DD4E83F-C139-40BE-9388-261DC29EF0AF}.AppStore|iPhoneSimulator.ActiveCfg = Debug|Any CPU
		{1DD4E83F-C139-40BE-9388-261DC29EF0AF}.AppStore|iPhoneSimulator.Build.0 = Debug|Any CPU
		{1DD4E83F-C139-40BE-9388-261DC29EF0AF}.AppStore|iPhoneSimulator.Deploy.0 = Debug|Any CPU
		{1DD4E83F-C139-40BE-9388-261DC29EF0AF}.AppStore|x64.ActiveCfg = Debug|Any CPU
		{1DD4E83F-C139-40BE-9388-261DC29EF0AF}.AppStore|x64.Build.0 = Debug|Any CPU
		{1DD4E83F-C139-40BE-9388-261DC29EF0AF}.AppStore|x64.Deploy.0 = Debug|Any CPU
		{1DD4E83F-C139-40BE-9388-261DC29EF0AF}.AppStore|x86.ActiveCfg = Debug|Any CPU
		{1DD4E83F-C139-40BE-9388-261DC29EF0AF}.AppStore|x86.Build.0 = Debug|Any CPU
		{1DD4E83F-C139-40BE-9388-261DC29EF0AF}.AppStore|x86.Deploy.0 = Debug|Any CPU
		{1DD4E83F-C139-40BE-9388-261DC29EF0AF}.Debug|Any CPU.ActiveCfg = Debug|Any CPU
		{1DD4E83F-C139-40BE-9388-261DC29EF0AF}.Debug|Any CPU.Build.0 = Debug|Any CPU
		{1DD4E83F-C139-40BE-9388-261DC29EF0AF}.Debug|Any CPU.Deploy.0 = Debug|Any CPU
		{1DD4E83F-C139-40BE-9388-261DC29EF0AF}.Debug|ARM.ActiveCfg = Debug|Any CPU
		{1DD4E83F-C139-40BE-9388-261DC29EF0AF}.Debug|ARM.Build.0 = Debug|Any CPU
		{1DD4E83F-C139-40BE-9388-261DC29EF0AF}.Debug|ARM.Deploy.0 = Debug|Any CPU
		{1DD4E83F-C139-40BE-9388-261DC29EF0AF}.Debug|iPhone.ActiveCfg = Debug|Any CPU
		{1DD4E83F-C139-40BE-9388-261DC29EF0AF}.Debug|iPhone.Build.0 = Debug|Any CPU
		{1DD4E83F-C139-40BE-9388-261DC29EF0AF}.Debug|iPhone.Deploy.0 = Debug|Any CPU
		{1DD4E83F-C139-40BE-9388-261DC29EF0AF}.Debug|iPhoneSimulator.ActiveCfg = Debug|Any CPU
		{1DD4E83F-C139-40BE-9388-261DC29EF0AF}.Debug|iPhoneSimulator.Build.0 = Debug|Any CPU
		{1DD4E83F-C139-40BE-9388-261DC29EF0AF}.Debug|iPhoneSimulator.Deploy.0 = Debug|Any CPU
		{1DD4E83F-C139-40BE-9388-261DC29EF0AF}.Debug|x64.ActiveCfg = Debug|Any CPU
		{1DD4E83F-C139-40BE-9388-261DC29EF0AF}.Debug|x64.Build.0 = Debug|Any CPU
		{1DD4E83F-C139-40BE-9388-261DC29EF0AF}.Debug|x64.Deploy.0 = Debug|Any CPU
		{1DD4E83F-C139-40BE-9388-261DC29EF0AF}.Debug|x86.ActiveCfg = Debug|Any CPU
		{1DD4E83F-C139-40BE-9388-261DC29EF0AF}.Debug|x86.Build.0 = Debug|Any CPU
		{1DD4E83F-C139-40BE-9388-261DC29EF0AF}.Debug|x86.Deploy.0 = Debug|Any CPU
		{1DD4E83F-C139-40BE-9388-261DC29EF0AF}.Release|Any CPU.ActiveCfg = Release|Any CPU
		{1DD4E83F-C139-40BE-9388-261DC29EF0AF}.Release|Any CPU.Build.0 = Release|Any CPU
		{1DD4E83F-C139-40BE-9388-261DC29EF0AF}.Release|Any CPU.Deploy.0 = Release|Any CPU
		{1DD4E83F-C139-40BE-9388-261DC29EF0AF}.Release|ARM.ActiveCfg = Release|Any CPU
		{1DD4E83F-C139-40BE-9388-261DC29EF0AF}.Release|ARM.Build.0 = Release|Any CPU
		{1DD4E83F-C139-40BE-9388-261DC29EF0AF}.Release|ARM.Deploy.0 = Release|Any CPU
		{1DD4E83F-C139-40BE-9388-261DC29EF0AF}.Release|iPhone.ActiveCfg = Release|Any CPU
		{1DD4E83F-C139-40BE-9388-261DC29EF0AF}.Release|iPhone.Build.0 = Release|Any CPU
		{1DD4E83F-C139-40BE-9388-261DC29EF0AF}.Release|iPhone.Deploy.0 = Release|Any CPU
		{1DD4E83F-C139-40BE-9388-261DC29EF0AF}.Release|iPhoneSimulator.ActiveCfg = Release|Any CPU
		{1DD4E83F-C139-40BE-9388-261DC29EF0AF}.Release|iPhoneSimulator.Build.0 = Release|Any CPU
		{1DD4E83F-C139-40BE-9388-261DC29EF0AF}.Release|iPhoneSimulator.Deploy.0 = Release|Any CPU
		{1DD4E83F-C139-40BE-9388-261DC29EF0AF}.Release|x64.ActiveCfg = Release|Any CPU
		{1DD4E83F-C139-40BE-9388-261DC29EF0AF}.Release|x64.Build.0 = Release|Any CPU
		{1DD4E83F-C139-40BE-9388-261DC29EF0AF}.Release|x64.Deploy.0 = Release|Any CPU
		{1DD4E83F-C139-40BE-9388-261DC29EF0AF}.Release|x86.ActiveCfg = Release|Any CPU
		{1DD4E83F-C139-40BE-9388-261DC29EF0AF}.Release|x86.Build.0 = Release|Any CPU
		{1DD4E83F-C139-40BE-9388-261DC29EF0AF}.Release|x86.Deploy.0 = Release|Any CPU
	EndGlobalSection
	GlobalSection(SolutionProperties) = preSolution
		HideSolutionNode = FALSE
	EndGlobalSection
	GlobalSection(ExtensibilityGlobals) = postSolution
		SolutionGuid = {3A0D4398-A6BB-44C4-934C-C19869C42BB1}
	EndGlobalSection
EndGlobal
