
Microsoft Visual Studio Solution File, Format Version 12.00
# Visual Studio 15
VisualStudioVersion = 15.0.27703.2042
MinimumVisualStudioVersion = 10.0.40219.1
Project("{FAE04EC0-301F-11D3-BF4B-00C04F79EFBC}") = "App002_TipoPaginaXF.Android", "App002_TipoPaginaXF\App002_TipoPaginaXF.Android\App002_TipoPaginaXF.Android.csproj", "{C53E0E6F-871C-4576-A320-AAFCBF8FB7BA}"
EndProject
Project("{FAE04EC0-301F-11D3-BF4B-00C04F79EFBC}") = "App002_TipoPaginaXF.iOS", "App002_TipoPaginaXF\App002_TipoPaginaXF.iOS\App002_TipoPaginaXF.iOS.csproj", "{E4D86FE7-7F0A-4CA9-AC12-53D6907704A6}"
EndProject
Project("{FAE04EC0-301F-11D3-BF4B-00C04F79EFBC}") = "App002_TipoPaginaXF.UWP", "App002_TipoPaginaXF\App002_TipoPaginaXF.UWP\App002_TipoPaginaXF.UWP.csproj", "{9BD84893-C588-4800-8ABC-1F9CBCC4CC47}"
EndProject
Project("{FAE04EC0-301F-11D3-BF4B-00C04F79EFBC}") = "App002_TipoPaginaXF", "App002_TipoPaginaXF\App002_TipoPaginaXF\App002_TipoPaginaXF.csproj", "{8562A7B8-91DC-4A16-B11A-7518F914A743}"
EndProject
Global
	GlobalSection(SolutionConfigurationPlatforms) = preSolution
		Ad-Hoc|Any CPU = Ad-Hoc|Any CPU
		Ad-Hoc|ARM = Ad-Hoc|ARM
		Ad-Hoc|iPhone = Ad-Hoc|iPhone
		Ad-Hoc|iPhoneSimulator = Ad-Hoc|iPhoneSimulator
		Ad-Hoc|x64 = Ad-Hoc|x64
		Ad-Hoc|x86 = Ad-Hoc|x86
		AppStore|Any CPU = AppStore|Any CPU
		AppStore|ARM = AppStore|ARM
		AppStore|iPhone = AppStore|iPhone
		AppStore|iPhoneSimulator = AppStore|iPhoneSimulator
		AppStore|x64 = AppStore|x64
		AppStore|x86 = AppStore|x86
		Debug|Any CPU = Debug|Any CPU
		Debug|ARM = Debug|ARM
		Debug|iPhone = Debug|iPhone
		Debug|iPhoneSimulator = Debug|iPhoneSimulator
		Debug|x64 = Debug|x64
		Debug|x86 = Debug|x86
		Release|Any CPU = Release|Any CPU
		Release|ARM = Release|ARM
		Release|iPhone = Release|iPhone
		Release|iPhoneSimulator = Release|iPhoneSimulator
		Release|x64 = Release|x64
		Release|x86 = Release|x86
	EndGlobalSection
	GlobalSection(ProjectConfigurationPlatforms) = postSolution
		{C53E0E6F-871C-4576-A320-AAFCBF8FB7BA}.Ad-Hoc|Any CPU.ActiveCfg = Release|Any CPU
		{C53E0E6F-871C-4576-A320-AAFCBF8FB7BA}.Ad-Hoc|Any CPU.Build.0 = Release|Any CPU
		{C53E0E6F-871C-4576-A320-AAFCBF8FB7BA}.Ad-Hoc|Any CPU.Deploy.0 = Release|Any CPU
		{C53E0E6F-871C-4576-A320-AAFCBF8FB7BA}.Ad-Hoc|ARM.ActiveCfg = Release|Any CPU
		{C53E0E6F-871C-4576-A320-AAFCBF8FB7BA}.Ad-Hoc|ARM.Build.0 = Release|Any CPU
		{C53E0E6F-871C-4576-A320-AAFCBF8FB7BA}.Ad-Hoc|ARM.Deploy.0 = Release|Any CPU
		{C53E0E6F-871C-4576-A320-AAFCBF8FB7BA}.Ad-Hoc|iPhone.ActiveCfg = Release|Any CPU
		{C53E0E6F-871C-4576-A320-AAFCBF8FB7BA}.Ad-Hoc|iPhone.Build.0 = Release|Any CPU
		{C53E0E6F-871C-4576-A320-AAFCBF8FB7BA}.Ad-Hoc|iPhone.Deploy.0 = Release|Any CPU
		{C53E0E6F-871C-4576-A320-AAFCBF8FB7BA}.Ad-Hoc|iPhoneSimulator.ActiveCfg = Release|Any CPU
		{C53E0E6F-871C-4576-A320-AAFCBF8FB7BA}.Ad-Hoc|iPhoneSimulator.Build.0 = Release|Any CPU
		{C53E0E6F-871C-4576-A320-AAFCBF8FB7BA}.Ad-Hoc|iPhoneSimulator.Deploy.0 = Release|Any CPU
		{C53E0E6F-871C-4576-A320-AAFCBF8FB7BA}.Ad-Hoc|x64.ActiveCfg = Release|Any CPU
		{C53E0E6F-871C-4576-A320-AAFCBF8FB7BA}.Ad-Hoc|x64.Build.0 = Release|Any CPU
		{C53E0E6F-871C-4576-A320-AAFCBF8FB7BA}.Ad-Hoc|x64.Deploy.0 = Release|Any CPU
		{C53E0E6F-871C-4576-A320-AAFCBF8FB7BA}.Ad-Hoc|x86.ActiveCfg = Release|Any CPU
		{C53E0E6F-871C-4576-A320-AAFCBF8FB7BA}.Ad-Hoc|x86.Build.0 = Release|Any CPU
		{C53E0E6F-871C-4576-A320-AAFCBF8FB7BA}.Ad-Hoc|x86.Deploy.0 = Release|Any CPU
		{C53E0E6F-871C-4576-A320-AAFCBF8FB7BA}.AppStore|Any CPU.ActiveCfg = Release|Any CPU
		{C53E0E6F-871C-4576-A320-AAFCBF8FB7BA}.AppStore|Any CPU.Build.0 = Release|Any CPU
		{C53E0E6F-871C-4576-A320-AAFCBF8FB7BA}.AppStore|Any CPU.Deploy.0 = Release|Any CPU
		{C53E0E6F-871C-4576-A320-AAFCBF8FB7BA}.AppStore|ARM.ActiveCfg = Release|Any CPU
		{C53E0E6F-871C-4576-A320-AAFCBF8FB7BA}.AppStore|ARM.Build.0 = Release|Any CPU
		{C53E0E6F-871C-4576-A320-AAFCBF8FB7BA}.AppStore|ARM.Deploy.0 = Release|Any CPU
		{C53E0E6F-871C-4576-A320-AAFCBF8FB7BA}.AppStore|iPhone.ActiveCfg = Release|Any CPU
		{C53E0E6F-871C-4576-A320-AAFCBF8FB7BA}.AppStore|iPhone.Build.0 = Release|Any CPU
		{C53E0E6F-871C-4576-A320-AAFCBF8FB7BA}.AppStore|iPhone.Deploy.0 = Release|Any CPU
		{C53E0E6F-871C-4576-A320-AAFCBF8FB7BA}.AppStore|iPhoneSimulator.ActiveCfg = Release|Any CPU
		{C53E0E6F-871C-4576-A320-AAFCBF8FB7BA}.AppStore|iPhoneSimulator.Build.0 = Release|Any CPU
		{C53E0E6F-871C-4576-A320-AAFCBF8FB7BA}.AppStore|iPhoneSimulator.Deploy.0 = Release|Any CPU
		{C53E0E6F-871C-4576-A320-AAFCBF8FB7BA}.AppStore|x64.ActiveCfg = Release|Any CPU
		{C53E0E6F-871C-4576-A320-AAFCBF8FB7BA}.AppStore|x64.Build.0 = Release|Any CPU
		{C53E0E6F-871C-4576-A320-AAFCBF8FB7BA}.AppStore|x64.Deploy.0 = Release|Any CPU
		{C53E0E6F-871C-4576-A320-AAFCBF8FB7BA}.AppStore|x86.ActiveCfg = Release|Any CPU
		{C53E0E6F-871C-4576-A320-AAFCBF8FB7BA}.AppStore|x86.Build.0 = Release|Any CPU
		{C53E0E6F-871C-4576-A320-AAFCBF8FB7BA}.AppStore|x86.Deploy.0 = Release|Any CPU
		{C53E0E6F-871C-4576-A320-AAFCBF8FB7BA}.Debug|Any CPU.ActiveCfg = Debug|Any CPU
		{C53E0E6F-871C-4576-A320-AAFCBF8FB7BA}.Debug|Any CPU.Build.0 = Debug|Any CPU
		{C53E0E6F-871C-4576-A320-AAFCBF8FB7BA}.Debug|Any CPU.Deploy.0 = Debug|Any CPU
		{C53E0E6F-871C-4576-A320-AAFCBF8FB7BA}.Debug|ARM.ActiveCfg = Debug|Any CPU
		{C53E0E6F-871C-4576-A320-AAFCBF8FB7BA}.Debug|ARM.Build.0 = Debug|Any CPU
		{C53E0E6F-871C-4576-A320-AAFCBF8FB7BA}.Debug|ARM.Deploy.0 = Debug|Any CPU
		{C53E0E6F-871C-4576-A320-AAFCBF8FB7BA}.Debug|iPhone.ActiveCfg = Debug|Any CPU
		{C53E0E6F-871C-4576-A320-AAFCBF8FB7BA}.Debug|iPhone.Build.0 = Debug|Any CPU
		{C53E0E6F-871C-4576-A320-AAFCBF8FB7BA}.Debug|iPhone.Deploy.0 = Debug|Any CPU
		{C53E0E6F-871C-4576-A320-AAFCBF8FB7BA}.Debug|iPhoneSimulator.ActiveCfg = Debug|Any CPU
		{C53E0E6F-871C-4576-A320-AAFCBF8FB7BA}.Debug|iPhoneSimulator.Build.0 = Debug|Any CPU
		{C53E0E6F-871C-4576-A320-AAFCBF8FB7BA}.Debug|iPhoneSimulator.Deploy.0 = Debug|Any CPU
		{C53E0E6F-871C-4576-A320-AAFCBF8FB7BA}.Debug|x64.ActiveCfg = Debug|Any CPU
		{C53E0E6F-871C-4576-A320-AAFCBF8FB7BA}.Debug|x64.Build.0 = Debug|Any CPU
		{C53E0E6F-871C-4576-A320-AAFCBF8FB7BA}.Debug|x64.Deploy.0 = Debug|Any CPU
		{C53E0E6F-871C-4576-A320-AAFCBF8FB7BA}.Debug|x86.ActiveCfg = Debug|Any CPU
		{C53E0E6F-871C-4576-A320-AAFCBF8FB7BA}.Debug|x86.Build.0 = Debug|Any CPU
		{C53E0E6F-871C-4576-A320-AAFCBF8FB7BA}.Debug|x86.Deploy.0 = Debug|Any CPU
		{C53E0E6F-871C-4576-A320-AAFCBF8FB7BA}.Release|Any CPU.ActiveCfg = Release|Any CPU
		{C53E0E6F-871C-4576-A320-AAFCBF8FB7BA}.Release|Any CPU.Build.0 = Release|Any CPU
		{C53E0E6F-871C-4576-A320-AAFCBF8FB7BA}.Release|Any CPU.Deploy.0 = Release|Any CPU
		{C53E0E6F-871C-4576-A320-AAFCBF8FB7BA}.Release|ARM.ActiveCfg = Release|Any CPU
		{C53E0E6F-871C-4576-A320-AAFCBF8FB7BA}.Release|ARM.Build.0 = Release|Any CPU
		{C53E0E6F-871C-4576-A320-AAFCBF8FB7BA}.Release|ARM.Deploy.0 = Release|Any CPU
		{C53E0E6F-871C-4576-A320-AAFCBF8FB7BA}.Release|iPhone.ActiveCfg = Release|Any CPU
		{C53E0E6F-871C-4576-A320-AAFCBF8FB7BA}.Release|iPhone.Build.0 = Release|Any CPU
		{C53E0E6F-871C-4576-A320-AAFCBF8FB7BA}.Release|iPhone.Deploy.0 = Release|Any CPU
		{C53E0E6F-871C-4576-A320-AAFCBF8FB7BA}.Release|iPhoneSimulator.ActiveCfg = Release|Any CPU
		{C53E0E6F-871C-4576-A320-AAFCBF8FB7BA}.Release|iPhoneSimulator.Build.0 = Release|Any CPU
		{C53E0E6F-871C-4576-A320-AAFCBF8FB7BA}.Release|iPhoneSimulator.Deploy.0 = Release|Any CPU
		{C53E0E6F-871C-4576-A320-AAFCBF8FB7BA}.Release|x64.ActiveCfg = Release|Any CPU
		{C53E0E6F-871C-4576-A320-AAFCBF8FB7BA}.Release|x64.Build.0 = Release|Any CPU
		{C53E0E6F-871C-4576-A320-AAFCBF8FB7BA}.Release|x64.Deploy.0 = Release|Any CPU
		{C53E0E6F-871C-4576-A320-AAFCBF8FB7BA}.Release|x86.ActiveCfg = Release|Any CPU
		{C53E0E6F-871C-4576-A320-AAFCBF8FB7BA}.Release|x86.Build.0 = Release|Any CPU
		{C53E0E6F-871C-4576-A320-AAFCBF8FB7BA}.Release|x86.Deploy.0 = Release|Any CPU
		{E4D86FE7-7F0A-4CA9-AC12-53D6907704A6}.Ad-Hoc|Any CPU.ActiveCfg = Ad-Hoc|iPhone
		{E4D86FE7-7F0A-4CA9-AC12-53D6907704A6}.Ad-Hoc|Any CPU.Build.0 = Ad-Hoc|iPhone
		{E4D86FE7-7F0A-4CA9-AC12-53D6907704A6}.Ad-Hoc|Any CPU.Deploy.0 = Ad-Hoc|iPhone
		{E4D86FE7-7F0A-4CA9-AC12-53D6907704A6}.Ad-Hoc|ARM.ActiveCfg = Ad-Hoc|iPhone
		{E4D86FE7-7F0A-4CA9-AC12-53D6907704A6}.Ad-Hoc|ARM.Build.0 = Ad-Hoc|iPhone
		{E4D86FE7-7F0A-4CA9-AC12-53D6907704A6}.Ad-Hoc|ARM.Deploy.0 = Ad-Hoc|iPhone
		{E4D86FE7-7F0A-4CA9-AC12-53D6907704A6}.Ad-Hoc|iPhone.ActiveCfg = Ad-Hoc|iPhone
		{E4D86FE7-7F0A-4CA9-AC12-53D6907704A6}.Ad-Hoc|iPhone.Build.0 = Ad-Hoc|iPhone
		{E4D86FE7-7F0A-4CA9-AC12-53D6907704A6}.Ad-Hoc|iPhone.Deploy.0 = Ad-Hoc|iPhone
		{E4D86FE7-7F0A-4CA9-AC12-53D6907704A6}.Ad-Hoc|iPhoneSimulator.ActiveCfg = Ad-Hoc|iPhoneSimulator
		{E4D86FE7-7F0A-4CA9-AC12-53D6907704A6}.Ad-Hoc|iPhoneSimulator.Build.0 = Ad-Hoc|iPhoneSimulator
		{E4D86FE7-7F0A-4CA9-AC12-53D6907704A6}.Ad-Hoc|iPhoneSimulator.Deploy.0 = Ad-Hoc|iPhoneSimulator
		{E4D86FE7-7F0A-4CA9-AC12-53D6907704A6}.Ad-Hoc|x64.ActiveCfg = Ad-Hoc|iPhone
		{E4D86FE7-7F0A-4CA9-AC12-53D6907704A6}.Ad-Hoc|x64.Build.0 = Ad-Hoc|iPhone
		{E4D86FE7-7F0A-4CA9-AC12-53D6907704A6}.Ad-Hoc|x64.Deploy.0 = Ad-Hoc|iPhone
		{E4D86FE7-7F0A-4CA9-AC12-53D6907704A6}.Ad-Hoc|x86.ActiveCfg = Ad-Hoc|iPhone
		{E4D86FE7-7F0A-4CA9-AC12-53D6907704A6}.Ad-Hoc|x86.Build.0 = Ad-Hoc|iPhone
		{E4D86FE7-7F0A-4CA9-AC12-53D6907704A6}.Ad-Hoc|x86.Deploy.0 = Ad-Hoc|iPhone
		{E4D86FE7-7F0A-4CA9-AC12-53D6907704A6}.AppStore|Any CPU.ActiveCfg = AppStore|iPhone
		{E4D86FE7-7F0A-4CA9-AC12-53D6907704A6}.AppStore|Any CPU.Build.0 = AppStore|iPhone
		{E4D86FE7-7F0A-4CA9-AC12-53D6907704A6}.AppStore|Any CPU.Deploy.0 = AppStore|iPhone
		{E4D86FE7-7F0A-4CA9-AC12-53D6907704A6}.AppStore|ARM.ActiveCfg = AppStore|iPhone
		{E4D86FE7-7F0A-4CA9-AC12-53D6907704A6}.AppStore|ARM.Build.0 = AppStore|iPhone
		{E4D86FE7-7F0A-4CA9-AC12-53D6907704A6}.AppStore|ARM.Deploy.0 = AppStore|iPhone
		{E4D86FE7-7F0A-4CA9-AC12-53D6907704A6}.AppStore|iPhone.ActiveCfg = AppStore|iPhone
		{E4D86FE7-7F0A-4CA9-AC12-53D6907704A6}.AppStore|iPhone.Build.0 = AppStore|iPhone
		{E4D86FE7-7F0A-4CA9-AC12-53D6907704A6}.AppStore|iPhone.Deploy.0 = AppStore|iPhone
		{E4D86FE7-7F0A-4CA9-AC12-53D6907704A6}.AppStore|iPhoneSimulator.ActiveCfg = AppStore|iPhoneSimulator
		{E4D86FE7-7F0A-4CA9-AC12-53D6907704A6}.AppStore|iPhoneSimulator.Build.0 = AppStore|iPhoneSimulator
		{E4D86FE7-7F0A-4CA9-AC12-53D6907704A6}.AppStore|iPhoneSimulator.Deploy.0 = AppStore|iPhoneSimulator
		{E4D86FE7-7F0A-4CA9-AC12-53D6907704A6}.AppStore|x64.ActiveCfg = AppStore|iPhone
		{E4D86FE7-7F0A-4CA9-AC12-53D6907704A6}.AppStore|x64.Build.0 = AppStore|iPhone
		{E4D86FE7-7F0A-4CA9-AC12-53D6907704A6}.AppStore|x64.Deploy.0 = AppStore|iPhone
		{E4D86FE7-7F0A-4CA9-AC12-53D6907704A6}.AppStore|x86.ActiveCfg = AppStore|iPhone
		{E4D86FE7-7F0A-4CA9-AC12-53D6907704A6}.AppStore|x86.Build.0 = AppStore|iPhone
		{E4D86FE7-7F0A-4CA9-AC12-53D6907704A6}.AppStore|x86.Deploy.0 = AppStore|iPhone
		{E4D86FE7-7F0A-4CA9-AC12-53D6907704A6}.Debug|Any CPU.ActiveCfg = Debug|iPhoneSimulator
		{E4D86FE7-7F0A-4CA9-AC12-53D6907704A6}.Debug|Any CPU.Build.0 = Debug|iPhoneSimulator
		{E4D86FE7-7F0A-4CA9-AC12-53D6907704A6}.Debug|Any CPU.Deploy.0 = Debug|iPhoneSimulator
		{E4D86FE7-7F0A-4CA9-AC12-53D6907704A6}.Debug|ARM.ActiveCfg = Debug|iPhone
		{E4D86FE7-7F0A-4CA9-AC12-53D6907704A6}.Debug|ARM.Build.0 = Debug|iPhone
		{E4D86FE7-7F0A-4CA9-AC12-53D6907704A6}.Debug|ARM.Deploy.0 = Debug|iPhone
		{E4D86FE7-7F0A-4CA9-AC12-53D6907704A6}.Debug|iPhone.ActiveCfg = Debug|iPhone
		{E4D86FE7-7F0A-4CA9-AC12-53D6907704A6}.Debug|iPhone.Build.0 = Debug|iPhone
		{E4D86FE7-7F0A-4CA9-AC12-53D6907704A6}.Debug|iPhone.Deploy.0 = Debug|iPhone
		{E4D86FE7-7F0A-4CA9-AC12-53D6907704A6}.Debug|iPhoneSimulator.ActiveCfg = Debug|iPhoneSimulator
		{E4D86FE7-7F0A-4CA9-AC12-53D6907704A6}.Debug|iPhoneSimulator.Build.0 = Debug|iPhoneSimulator
		{E4D86FE7-7F0A-4CA9-AC12-53D6907704A6}.Debug|iPhoneSimulator.Deploy.0 = Debug|iPhoneSimulator
		{E4D86FE7-7F0A-4CA9-AC12-53D6907704A6}.Debug|x64.ActiveCfg = Debug|iPhone
		{E4D86FE7-7F0A-4CA9-AC12-53D6907704A6}.Debug|x64.Build.0 = Debug|iPhone
		{E4D86FE7-7F0A-4CA9-AC12-53D6907704A6}.Debug|x64.Deploy.0 = Debug|iPhone
		{E4D86FE7-7F0A-4CA9-AC12-53D6907704A6}.Debug|x86.ActiveCfg = Debug|iPhone
		{E4D86FE7-7F0A-4CA9-AC12-53D6907704A6}.Debug|x86.Build.0 = Debug|iPhone
		{E4D86FE7-7F0A-4CA9-AC12-53D6907704A6}.Debug|x86.Deploy.0 = Debug|iPhone
		{E4D86FE7-7F0A-4CA9-AC12-53D6907704A6}.Release|Any CPU.ActiveCfg = Release|iPhone
		{E4D86FE7-7F0A-4CA9-AC12-53D6907704A6}.Release|Any CPU.Build.0 = Release|iPhone
		{E4D86FE7-7F0A-4CA9-AC12-53D6907704A6}.Release|Any CPU.Deploy.0 = Release|iPhone
		{E4D86FE7-7F0A-4CA9-AC12-53D6907704A6}.Release|ARM.ActiveCfg = Release|iPhone
		{E4D86FE7-7F0A-4CA9-AC12-53D6907704A6}.Release|ARM.Build.0 = Release|iPhone
		{E4D86FE7-7F0A-4CA9-AC12-53D6907704A6}.Release|ARM.Deploy.0 = Release|iPhone
		{E4D86FE7-7F0A-4CA9-AC12-53D6907704A6}.Release|iPhone.ActiveCfg = Release|iPhone
		{E4D86FE7-7F0A-4CA9-AC12-53D6907704A6}.Release|iPhone.Build.0 = Release|iPhone
		{E4D86FE7-7F0A-4CA9-AC12-53D6907704A6}.Release|iPhone.Deploy.0 = Release|iPhone
		{E4D86FE7-7F0A-4CA9-AC12-53D6907704A6}.Release|iPhoneSimulator.ActiveCfg = Release|iPhoneSimulator
		{E4D86FE7-7F0A-4CA9-AC12-53D6907704A6}.Release|iPhoneSimulator.Build.0 = Release|iPhoneSimulator
		{E4D86FE7-7F0A-4CA9-AC12-53D6907704A6}.Release|iPhoneSimulator.Deploy.0 = Release|iPhoneSimulator
		{E4D86FE7-7F0A-4CA9-AC12-53D6907704A6}.Release|x64.ActiveCfg = Release|iPhone
		{E4D86FE7-7F0A-4CA9-AC12-53D6907704A6}.Release|x64.Build.0 = Release|iPhone
		{E4D86FE7-7F0A-4CA9-AC12-53D6907704A6}.Release|x64.Deploy.0 = Release|iPhone
		{E4D86FE7-7F0A-4CA9-AC12-53D6907704A6}.Release|x86.ActiveCfg = Release|iPhone
		{E4D86FE7-7F0A-4CA9-AC12-53D6907704A6}.Release|x86.Build.0 = Release|iPhone
		{E4D86FE7-7F0A-4CA9-AC12-53D6907704A6}.Release|x86.Deploy.0 = Release|iPhone
		{9BD84893-C588-4800-8ABC-1F9CBCC4CC47}.Ad-Hoc|Any CPU.ActiveCfg = Release|x86
		{9BD84893-C588-4800-8ABC-1F9CBCC4CC47}.Ad-Hoc|Any CPU.Build.0 = Release|x86
		{9BD84893-C588-4800-8ABC-1F9CBCC4CC47}.Ad-Hoc|Any CPU.Deploy.0 = Release|x86
		{9BD84893-C588-4800-8ABC-1F9CBCC4CC47}.Ad-Hoc|ARM.ActiveCfg = Release|ARM
		{9BD84893-C588-4800-8ABC-1F9CBCC4CC47}.Ad-Hoc|ARM.Build.0 = Release|ARM
		{9BD84893-C588-4800-8ABC-1F9CBCC4CC47}.Ad-Hoc|ARM.Deploy.0 = Release|ARM
		{9BD84893-C588-4800-8ABC-1F9CBCC4CC47}.Ad-Hoc|iPhone.ActiveCfg = Release|x86
		{9BD84893-C588-4800-8ABC-1F9CBCC4CC47}.Ad-Hoc|iPhone.Build.0 = Release|x86
		{9BD84893-C588-4800-8ABC-1F9CBCC4CC47}.Ad-Hoc|iPhone.Deploy.0 = Release|x86
		{9BD84893-C588-4800-8ABC-1F9CBCC4CC47}.Ad-Hoc|iPhoneSimulator.ActiveCfg = Release|x86
		{9BD84893-C588-4800-8ABC-1F9CBCC4CC47}.Ad-Hoc|iPhoneSimulator.Build.0 = Release|x86
		{9BD84893-C588-4800-8ABC-1F9CBCC4CC47}.Ad-Hoc|iPhoneSimulator.Deploy.0 = Release|x86
		{9BD84893-C588-4800-8ABC-1F9CBCC4CC47}.Ad-Hoc|x64.ActiveCfg = Release|x64
		{9BD84893-C588-4800-8ABC-1F9CBCC4CC47}.Ad-Hoc|x64.Build.0 = Release|x64
		{9BD84893-C588-4800-8ABC-1F9CBCC4CC47}.Ad-Hoc|x64.Deploy.0 = Release|x64
		{9BD84893-C588-4800-8ABC-1F9CBCC4CC47}.Ad-Hoc|x86.ActiveCfg = Release|x86
		{9BD84893-C588-4800-8ABC-1F9CBCC4CC47}.Ad-Hoc|x86.Build.0 = Release|x86
		{9BD84893-C588-4800-8ABC-1F9CBCC4CC47}.Ad-Hoc|x86.Deploy.0 = Release|x86
		{9BD84893-C588-4800-8ABC-1F9CBCC4CC47}.AppStore|Any CPU.ActiveCfg = Release|x86
		{9BD84893-C588-4800-8ABC-1F9CBCC4CC47}.AppStore|Any CPU.Build.0 = Release|x86
		{9BD84893-C588-4800-8ABC-1F9CBCC4CC47}.AppStore|Any CPU.Deploy.0 = Release|x86
		{9BD84893-C588-4800-8ABC-1F9CBCC4CC47}.AppStore|ARM.ActiveCfg = Release|ARM
		{9BD84893-C588-4800-8ABC-1F9CBCC4CC47}.AppStore|ARM.Build.0 = Release|ARM
		{9BD84893-C588-4800-8ABC-1F9CBCC4CC47}.AppStore|ARM.Deploy.0 = Release|ARM
		{9BD84893-C588-4800-8ABC-1F9CBCC4CC47}.AppStore|iPhone.ActiveCfg = Release|x86
		{9BD84893-C588-4800-8ABC-1F9CBCC4CC47}.AppStore|iPhone.Build.0 = Release|x86
		{9BD84893-C588-4800-8ABC-1F9CBCC4CC47}.AppStore|iPhone.Deploy.0 = Release|x86
		{9BD84893-C588-4800-8ABC-1F9CBCC4CC47}.AppStore|iPhoneSimulator.ActiveCfg = Release|x86
		{9BD84893-C588-4800-8ABC-1F9CBCC4CC47}.AppStore|iPhoneSimulator.Build.0 = Release|x86
		{9BD84893-C588-4800-8ABC-1F9CBCC4CC47}.AppStore|iPhoneSimulator.Deploy.0 = Release|x86
		{9BD84893-C588-4800-8ABC-1F9CBCC4CC47}.AppStore|x64.ActiveCfg = Release|x64
		{9BD84893-C588-4800-8ABC-1F9CBCC4CC47}.AppStore|x64.Build.0 = Release|x64
		{9BD84893-C588-4800-8ABC-1F9CBCC4CC47}.AppStore|x64.Deploy.0 = Release|x64
		{9BD84893-C588-4800-8ABC-1F9CBCC4CC47}.AppStore|x86.ActiveCfg = Release|x86
		{9BD84893-C588-4800-8ABC-1F9CBCC4CC47}.AppStore|x86.Build.0 = Release|x86
		{9BD84893-C588-4800-8ABC-1F9CBCC4CC47}.AppStore|x86.Deploy.0 = Release|x86
		{9BD84893-C588-4800-8ABC-1F9CBCC4CC47}.Debug|Any CPU.ActiveCfg = Debug|x86
		{9BD84893-C588-4800-8ABC-1F9CBCC4CC47}.Debug|Any CPU.Build.0 = Debug|x86
		{9BD84893-C588-4800-8ABC-1F9CBCC4CC47}.Debug|Any CPU.Deploy.0 = Debug|x86
		{9BD84893-C588-4800-8ABC-1F9CBCC4CC47}.Debug|ARM.ActiveCfg = Debug|ARM
		{9BD84893-C588-4800-8ABC-1F9CBCC4CC47}.Debug|ARM.Build.0 = Debug|ARM
		{9BD84893-C588-4800-8ABC-1F9CBCC4CC47}.Debug|ARM.Deploy.0 = Debug|ARM
		{9BD84893-C588-4800-8ABC-1F9CBCC4CC47}.Debug|iPhone.ActiveCfg = Debug|x86
		{9BD84893-C588-4800-8ABC-1F9CBCC4CC47}.Debug|iPhone.Build.0 = Debug|x86
		{9BD84893-C588-4800-8ABC-1F9CBCC4CC47}.Debug|iPhone.Deploy.0 = Debug|x86
		{9BD84893-C588-4800-8ABC-1F9CBCC4CC47}.Debug|iPhoneSimulator.ActiveCfg = Debug|x86
		{9BD84893-C588-4800-8ABC-1F9CBCC4CC47}.Debug|iPhoneSimulator.Build.0 = Debug|x86
		{9BD84893-C588-4800-8ABC-1F9CBCC4CC47}.Debug|iPhoneSimulator.Deploy.0 = Debug|x86
		{9BD84893-C588-4800-8ABC-1F9CBCC4CC47}.Debug|x64.ActiveCfg = Debug|x64
		{9BD84893-C588-4800-8ABC-1F9CBCC4CC47}.Debug|x64.Build.0 = Debug|x64
		{9BD84893-C588-4800-8ABC-1F9CBCC4CC47}.Debug|x64.Deploy.0 = Debug|x64
		{9BD84893-C588-4800-8ABC-1F9CBCC4CC47}.Debug|x86.ActiveCfg = Debug|x86
		{9BD84893-C588-4800-8ABC-1F9CBCC4CC47}.Debug|x86.Build.0 = Debug|x86
		{9BD84893-C588-4800-8ABC-1F9CBCC4CC47}.Debug|x86.Deploy.0 = Debug|x86
		{9BD84893-C588-4800-8ABC-1F9CBCC4CC47}.Release|Any CPU.ActiveCfg = Release|x86
		{9BD84893-C588-4800-8ABC-1F9CBCC4CC47}.Release|Any CPU.Build.0 = Release|x86
		{9BD84893-C588-4800-8ABC-1F9CBCC4CC47}.Release|Any CPU.Deploy.0 = Release|x86
		{9BD84893-C588-4800-8ABC-1F9CBCC4CC47}.Release|ARM.ActiveCfg = Release|ARM
		{9BD84893-C588-4800-8ABC-1F9CBCC4CC47}.Release|ARM.Build.0 = Release|ARM
		{9BD84893-C588-4800-8ABC-1F9CBCC4CC47}.Release|ARM.Deploy.0 = Release|ARM
		{9BD84893-C588-4800-8ABC-1F9CBCC4CC47}.Release|iPhone.ActiveCfg = Release|x86
		{9BD84893-C588-4800-8ABC-1F9CBCC4CC47}.Release|iPhone.Build.0 = Release|x86
		{9BD84893-C588-4800-8ABC-1F9CBCC4CC47}.Release|iPhone.Deploy.0 = Release|x86
		{9BD84893-C588-4800-8ABC-1F9CBCC4CC47}.Release|iPhoneSimulator.ActiveCfg = Release|x86
		{9BD84893-C588-4800-8ABC-1F9CBCC4CC47}.Release|iPhoneSimulator.Build.0 = Release|x86
		{9BD84893-C588-4800-8ABC-1F9CBCC4CC47}.Release|iPhoneSimulator.Deploy.0 = Release|x86
		{9BD84893-C588-4800-8ABC-1F9CBCC4CC47}.Release|x64.ActiveCfg = Release|x64
		{9BD84893-C588-4800-8ABC-1F9CBCC4CC47}.Release|x64.Build.0 = Release|x64
		{9BD84893-C588-4800-8ABC-1F9CBCC4CC47}.Release|x64.Deploy.0 = Release|x64
		{9BD84893-C588-4800-8ABC-1F9CBCC4CC47}.Release|x86.ActiveCfg = Release|x86
		{9BD84893-C588-4800-8ABC-1F9CBCC4CC47}.Release|x86.Build.0 = Release|x86
		{9BD84893-C588-4800-8ABC-1F9CBCC4CC47}.Release|x86.Deploy.0 = Release|x86
		{8562A7B8-91DC-4A16-B11A-7518F914A743}.Ad-Hoc|Any CPU.ActiveCfg = Debug|Any CPU
		{8562A7B8-91DC-4A16-B11A-7518F914A743}.Ad-Hoc|Any CPU.Build.0 = Debug|Any CPU
		{8562A7B8-91DC-4A16-B11A-7518F914A743}.Ad-Hoc|Any CPU.Deploy.0 = Debug|Any CPU
		{8562A7B8-91DC-4A16-B11A-7518F914A743}.Ad-Hoc|ARM.ActiveCfg = Debug|Any CPU
		{8562A7B8-91DC-4A16-B11A-7518F914A743}.Ad-Hoc|ARM.Build.0 = Debug|Any CPU
		{8562A7B8-91DC-4A16-B11A-7518F914A743}.Ad-Hoc|ARM.Deploy.0 = Debug|Any CPU
		{8562A7B8-91DC-4A16-B11A-7518F914A743}.Ad-Hoc|iPhone.ActiveCfg = Debug|Any CPU
		{8562A7B8-91DC-4A16-B11A-7518F914A743}.Ad-Hoc|iPhone.Build.0 = Debug|Any CPU
		{8562A7B8-91DC-4A16-B11A-7518F914A743}.Ad-Hoc|iPhone.Deploy.0 = Debug|Any CPU
		{8562A7B8-91DC-4A16-B11A-7518F914A743}.Ad-Hoc|iPhoneSimulator.ActiveCfg = Debug|Any CPU
		{8562A7B8-91DC-4A16-B11A-7518F914A743}.Ad-Hoc|iPhoneSimulator.Build.0 = Debug|Any CPU
		{8562A7B8-91DC-4A16-B11A-7518F914A743}.Ad-Hoc|iPhoneSimulator.Deploy.0 = Debug|Any CPU
		{8562A7B8-91DC-4A16-B11A-7518F914A743}.Ad-Hoc|x64.ActiveCfg = Debug|Any CPU
		{8562A7B8-91DC-4A16-B11A-7518F914A743}.Ad-Hoc|x64.Build.0 = Debug|Any CPU
		{8562A7B8-91DC-4A16-B11A-7518F914A743}.Ad-Hoc|x64.Deploy.0 = Debug|Any CPU
		{8562A7B8-91DC-4A16-B11A-7518F914A743}.Ad-Hoc|x86.ActiveCfg = Debug|Any CPU
		{8562A7B8-91DC-4A16-B11A-7518F914A743}.Ad-Hoc|x86.Build.0 = Debug|Any CPU
		{8562A7B8-91DC-4A16-B11A-7518F914A743}.Ad-Hoc|x86.Deploy.0 = Debug|Any CPU
		{8562A7B8-91DC-4A16-B11A-7518F914A743}.AppStore|Any CPU.ActiveCfg = Debug|Any CPU
		{8562A7B8-91DC-4A16-B11A-7518F914A743}.AppStore|Any CPU.Build.0 = Debug|Any CPU
		{8562A7B8-91DC-4A16-B11A-7518F914A743}.AppStore|Any CPU.Deploy.0 = Debug|Any CPU
		{8562A7B8-91DC-4A16-B11A-7518F914A743}.AppStore|ARM.ActiveCfg = Debug|Any CPU
		{8562A7B8-91DC-4A16-B11A-7518F914A743}.AppStore|ARM.Build.0 = Debug|Any CPU
		{8562A7B8-91DC-4A16-B11A-7518F914A743}.AppStore|ARM.Deploy.0 = Debug|Any CPU
		{8562A7B8-91DC-4A16-B11A-7518F914A743}.AppStore|iPhone.ActiveCfg = Debug|Any CPU
		{8562A7B8-91DC-4A16-B11A-7518F914A743}.AppStore|iPhone.Build.0 = Debug|Any CPU
		{8562A7B8-91DC-4A16-B11A-7518F914A743}.AppStore|iPhone.Deploy.0 = Debug|Any CPU
		{8562A7B8-91DC-4A16-B11A-7518F914A743}.AppStore|iPhoneSimulator.ActiveCfg = Debug|Any CPU
		{8562A7B8-91DC-4A16-B11A-7518F914A743}.AppStore|iPhoneSimulator.Build.0 = Debug|Any CPU
		{8562A7B8-91DC-4A16-B11A-7518F914A743}.AppStore|iPhoneSimulator.Deploy.0 = Debug|Any CPU
		{8562A7B8-91DC-4A16-B11A-7518F914A743}.AppStore|x64.ActiveCfg = Debug|Any CPU
		{8562A7B8-91DC-4A16-B11A-7518F914A743}.AppStore|x64.Build.0 = Debug|Any CPU
		{8562A7B8-91DC-4A16-B11A-7518F914A743}.AppStore|x64.Deploy.0 = Debug|Any CPU
		{8562A7B8-91DC-4A16-B11A-7518F914A743}.AppStore|x86.ActiveCfg = Debug|Any CPU
		{8562A7B8-91DC-4A16-B11A-7518F914A743}.AppStore|x86.Build.0 = Debug|Any CPU
		{8562A7B8-91DC-4A16-B11A-7518F914A743}.AppStore|x86.Deploy.0 = Debug|Any CPU
		{8562A7B8-91DC-4A16-B11A-7518F914A743}.Debug|Any CPU.ActiveCfg = Debug|Any CPU
		{8562A7B8-91DC-4A16-B11A-7518F914A743}.Debug|Any CPU.Build.0 = Debug|Any CPU
		{8562A7B8-91DC-4A16-B11A-7518F914A743}.Debug|Any CPU.Deploy.0 = Debug|Any CPU
		{8562A7B8-91DC-4A16-B11A-7518F914A743}.Debug|ARM.ActiveCfg = Debug|Any CPU
		{8562A7B8-91DC-4A16-B11A-7518F914A743}.Debug|ARM.Build.0 = Debug|Any CPU
		{8562A7B8-91DC-4A16-B11A-7518F914A743}.Debug|ARM.Deploy.0 = Debug|Any CPU
		{8562A7B8-91DC-4A16-B11A-7518F914A743}.Debug|iPhone.ActiveCfg = Debug|Any CPU
		{8562A7B8-91DC-4A16-B11A-7518F914A743}.Debug|iPhone.Build.0 = Debug|Any CPU
		{8562A7B8-91DC-4A16-B11A-7518F914A743}.Debug|iPhone.Deploy.0 = Debug|Any CPU
		{8562A7B8-91DC-4A16-B11A-7518F914A743}.Debug|iPhoneSimulator.ActiveCfg = Debug|Any CPU
		{8562A7B8-91DC-4A16-B11A-7518F914A743}.Debug|iPhoneSimulator.Build.0 = Debug|Any CPU
		{8562A7B8-91DC-4A16-B11A-7518F914A743}.Debug|iPhoneSimulator.Deploy.0 = Debug|Any CPU
		{8562A7B8-91DC-4A16-B11A-7518F914A743}.Debug|x64.ActiveCfg = Debug|Any CPU
		{8562A7B8-91DC-4A16-B11A-7518F914A743}.Debug|x64.Build.0 = Debug|Any CPU
		{8562A7B8-91DC-4A16-B11A-7518F914A743}.Debug|x64.Deploy.0 = Debug|Any CPU
		{8562A7B8-91DC-4A16-B11A-7518F914A743}.Debug|x86.ActiveCfg = Debug|Any CPU
		{8562A7B8-91DC-4A16-B11A-7518F914A743}.Debug|x86.Build.0 = Debug|Any CPU
		{8562A7B8-91DC-4A16-B11A-7518F914A743}.Debug|x86.Deploy.0 = Debug|Any CPU
		{8562A7B8-91DC-4A16-B11A-7518F914A743}.Release|Any CPU.ActiveCfg = Release|Any CPU
		{8562A7B8-91DC-4A16-B11A-7518F914A743}.Release|Any CPU.Build.0 = Release|Any CPU
		{8562A7B8-91DC-4A16-B11A-7518F914A743}.Release|Any CPU.Deploy.0 = Release|Any CPU
		{8562A7B8-91DC-4A16-B11A-7518F914A743}.Release|ARM.ActiveCfg = Release|Any CPU
		{8562A7B8-91DC-4A16-B11A-7518F914A743}.Release|ARM.Build.0 = Release|Any CPU
		{8562A7B8-91DC-4A16-B11A-7518F914A743}.Release|ARM.Deploy.0 = Release|Any CPU
		{8562A7B8-91DC-4A16-B11A-7518F914A743}.Release|iPhone.ActiveCfg = Release|Any CPU
		{8562A7B8-91DC-4A16-B11A-7518F914A743}.Release|iPhone.Build.0 = Release|Any CPU
		{8562A7B8-91DC-4A16-B11A-7518F914A743}.Release|iPhone.Deploy.0 = Release|Any CPU
		{8562A7B8-91DC-4A16-B11A-7518F914A743}.Release|iPhoneSimulator.ActiveCfg = Release|Any CPU
		{8562A7B8-91DC-4A16-B11A-7518F914A743}.Release|iPhoneSimulator.Build.0 = Release|Any CPU
		{8562A7B8-91DC-4A16-B11A-7518F914A743}.Release|iPhoneSimulator.Deploy.0 = Release|Any CPU
		{8562A7B8-91DC-4A16-B11A-7518F914A743}.Release|x64.ActiveCfg = Release|Any CPU
		{8562A7B8-91DC-4A16-B11A-7518F914A743}.Release|x64.Build.0 = Release|Any CPU
		{8562A7B8-91DC-4A16-B11A-7518F914A743}.Release|x64.Deploy.0 = Release|Any CPU
		{8562A7B8-91DC-4A16-B11A-7518F914A743}.Release|x86.ActiveCfg = Release|Any CPU
		{8562A7B8-91DC-4A16-B11A-7518F914A743}.Release|x86.Build.0 = Release|Any CPU
		{8562A7B8-91DC-4A16-B11A-7518F914A743}.Release|x86.Deploy.0 = Release|Any CPU
	EndGlobalSection
	GlobalSection(SolutionProperties) = preSolution
		HideSolutionNode = FALSE
	EndGlobalSection
	GlobalSection(ExtensibilityGlobals) = postSolution
		SolutionGuid = {E675C3BA-E5DF-444F-B9BC-4AE559E535C4}
	EndGlobalSection
EndGlobal
